// !$*UTF8*$!
{
	archiveVersion = 1;
	classes = {
	};
	objectVersion = 54;
	objects = {

/* Begin PBXBuildFile section */
		AA38682F2A306F3200C134B8 /* ImageView.swift in Sources */ = {isa = PBXBuildFile; fileRef = D6A0F99225DDFDF800DBD5B0 /* ImageView.swift */; };
		AA3868302A306F3200C134B8 /* AsyncOperation.swift in Sources */ = {isa = PBXBuildFile; fileRef = D65FBD2A265D181300CC0610 /* AsyncOperation.swift */; };
		AA3868312A306F3200C134B8 /* FileManagerExtensions.swift in Sources */ = {isa = PBXBuildFile; fileRef = D6E641E425DA9FAB00262B13 /* FileManagerExtensions.swift */; };
		AA3868322A306F3200C134B8 /* PreferenceViewController.swift in Sources */ = {isa = PBXBuildFile; fileRef = D6DF3B6025CEBFFF00D24D9C /* PreferenceViewController.swift */; };
		AA3868332A306F3200C134B8 /* Utility.swift in Sources */ = {isa = PBXBuildFile; fileRef = D67B060325CE83520021C8C9 /* Utility.swift */; };
		AA3868342A306F3200C134B8 /* SiteConnectionExtensions.swift in Sources */ = {isa = PBXBuildFile; fileRef = D60EFBB825D4F1CB003931BB /* SiteConnectionExtensions.swift */; };
		AA3868352A306F3200C134B8 /* ConnectionListView.swift in Sources */ = {isa = PBXBuildFile; fileRef = D6DF3B6F25CECF3400D24D9C /* ConnectionListView.swift */; };
		AA3868362A306F3200C134B8 /* NewsViewModel.swift in Sources */ = {isa = PBXBuildFile; fileRef = D66C0CDA25DA891000818063 /* NewsViewModel.swift */; };
		AA3868372A306F3200C134B8 /* HomeSyncStatusHandler.swift in Sources */ = {isa = PBXBuildFile; fileRef = D63A4C7225DC093600C3B9BF /* HomeSyncStatusHandler.swift */; };
		AA3868382A306F3200C134B8 /* FormFieldView.swift in Sources */ = {isa = PBXBuildFile; fileRef = D6DF3B6C25CECF2300D24D9C /* FormFieldView.swift */; };
		AA3868392A306F3200C134B8 /* FolderAccess.swift in Sources */ = {isa = PBXBuildFile; fileRef = D6E3076225CE99D000806F0C /* FolderAccess.swift */; };
		AA38683A2A306F3200C134B8 /* AppDelegate.swift in Sources */ = {isa = PBXBuildFile; fileRef = D6F2085725C94475005DAC78 /* AppDelegate.swift */; };
		AA38683B2A306F3200C134B8 /* NSTextFieldExtension.swift in Sources */ = {isa = PBXBuildFile; fileRef = D64A1C8025D40FF9009B8BB2 /* NSTextFieldExtension.swift */; };
		AA38683C2A306F3200C134B8 /* CodableExtension.swift in Sources */ = {isa = PBXBuildFile; fileRef = D64A1C8325D41270009B8BB2 /* CodableExtension.swift */; };
		AA38683D2A306F3200C134B8 /* HomeViewController.swift in Sources */ = {isa = PBXBuildFile; fileRef = D6EBE34525CE45E500498A04 /* HomeViewController.swift */; };
		AA38683E2A306F3200C134B8 /* CharacterSetExtensions.swift in Sources */ = {isa = PBXBuildFile; fileRef = D64FB0B125F1F3450026473F /* CharacterSetExtensions.swift */; };
		AA38683F2A306F3200C134B8 /* Validation.swift in Sources */ = {isa = PBXBuildFile; fileRef = D64FB0B425F1F3760026473F /* Validation.swift */; };
		AA3868402A306F3200C134B8 /* HomeViewModel.swift in Sources */ = {isa = PBXBuildFile; fileRef = D69C997A25CED7D900642A55 /* HomeViewModel.swift */; };
		AA3868412A306F3200C134B8 /* Strings+Generated.swift in Sources */ = {isa = PBXBuildFile; fileRef = D60EFBB125D4F042003931BB /* Strings+Generated.swift */; };
		AA3868422A306F3200C134B8 /* NSViewControllerExtensions.swift in Sources */ = {isa = PBXBuildFile; fileRef = D67DC75A25D6453C00FE3DDB /* NSViewControllerExtensions.swift */; };
		AA3868432A306F3200C134B8 /* NewsView.swift in Sources */ = {isa = PBXBuildFile; fileRef = D66C0CD725DA887500818063 /* NewsView.swift */; };
		AA3868442A306F3200C134B8 /* Storage.swift in Sources */ = {isa = PBXBuildFile; fileRef = D6EBE34B25CE497000498A04 /* Storage.swift */; };
		AA3868452A306F3200C134B8 /* NSViewExtensions.swift in Sources */ = {isa = PBXBuildFile; fileRef = D67DC75725D644E600FE3DDB /* NSViewExtensions.swift */; };
		AA3868462A306F3200C134B8 /* UploadStatus.swift in Sources */ = {isa = PBXBuildFile; fileRef = D6AE0E14265A652D0038DFAE /* UploadStatus.swift */; };
		AA3868472A306F3200C134B8 /* SiteConnectionOperation.swift in Sources */ = {isa = PBXBuildFile; fileRef = D60EFBC225D54965003931BB /* SiteConnectionOperation.swift */; };
		AA3868482A306F3200C134B8 /* Constants.swift in Sources */ = {isa = PBXBuildFile; fileRef = D64A1C7D25D40E96009B8BB2 /* Constants.swift */; };
		AA3868492A306F3200C134B8 /* PreferenceViewModel.swift in Sources */ = {isa = PBXBuildFile; fileRef = D69C997725CED49300642A55 /* PreferenceViewModel.swift */; };
		AA38684A2A306F3200C134B8 /* PreferenceHelpView.swift in Sources */ = {isa = PBXBuildFile; fileRef = D6E641DB25DA9C1C00262B13 /* PreferenceHelpView.swift */; };
		AA38684B2A306F3200C134B8 /* HomeUploadHandler.swift in Sources */ = {isa = PBXBuildFile; fileRef = D63FDA4425E1443F000929C0 /* HomeUploadHandler.swift */; };
		AA38684C2A306F3200C134B8 /* TimeIntervalExtensions.swift in Sources */ = {isa = PBXBuildFile; fileRef = D60EFBBB25D4FA69003931BB /* TimeIntervalExtensions.swift */; };
		AA38684D2A306F3200C134B8 /* DateExtensions.swift in Sources */ = {isa = PBXBuildFile; fileRef = D6A0F99625DEADDA00DBD5B0 /* DateExtensions.swift */; };
		AA38684E2A306F3200C134B8 /* HomeDownloadHandler.swift in Sources */ = {isa = PBXBuildFile; fileRef = D63FDA4725E1444E000929C0 /* HomeDownloadHandler.swift */; };
		AA3868502A306F3200C134B8 /* Rsync in Frameworks */ = {isa = PBXBuildFile; productRef = AA38682C2A306F3200C134B8 /* Rsync */; };
		AA3868512A306F3200C134B8 /* WebKit.framework in Frameworks */ = {isa = PBXBuildFile; fileRef = D63A4C6625DBB8E400C3B9BF /* WebKit.framework */; };
		AA3868532A306F3200C134B8 /* Assets.xcassets in Resources */ = {isa = PBXBuildFile; fileRef = D6F2085B25C9447A005DAC78 /* Assets.xcassets */; };
		AA3868542A306F3200C134B8 /* Credits.html in Resources */ = {isa = PBXBuildFile; fileRef = D6B5EBE425E4B61900717561 /* Credits.html */; };
		AA3868562A306F3200C134B8 /* Main.storyboard in Resources */ = {isa = PBXBuildFile; fileRef = D6F2085D25C9447A005DAC78 /* Main.storyboard */; };
		AA92C6CF2716C456008BD343 /* ImageView.swift in Sources */ = {isa = PBXBuildFile; fileRef = D6A0F99225DDFDF800DBD5B0 /* ImageView.swift */; };
		AA92C6D02716C456008BD343 /* AsyncOperation.swift in Sources */ = {isa = PBXBuildFile; fileRef = D65FBD2A265D181300CC0610 /* AsyncOperation.swift */; };
		AA92C6D12716C456008BD343 /* FileManagerExtensions.swift in Sources */ = {isa = PBXBuildFile; fileRef = D6E641E425DA9FAB00262B13 /* FileManagerExtensions.swift */; };
		AA92C6D22716C456008BD343 /* PreferenceViewController.swift in Sources */ = {isa = PBXBuildFile; fileRef = D6DF3B6025CEBFFF00D24D9C /* PreferenceViewController.swift */; };
		AA92C6D32716C456008BD343 /* Utility.swift in Sources */ = {isa = PBXBuildFile; fileRef = D67B060325CE83520021C8C9 /* Utility.swift */; };
		AA92C6D42716C456008BD343 /* SiteConnectionExtensions.swift in Sources */ = {isa = PBXBuildFile; fileRef = D60EFBB825D4F1CB003931BB /* SiteConnectionExtensions.swift */; };
		AA92C6D52716C456008BD343 /* ConnectionListView.swift in Sources */ = {isa = PBXBuildFile; fileRef = D6DF3B6F25CECF3400D24D9C /* ConnectionListView.swift */; };
		AA92C6D62716C456008BD343 /* NewsViewModel.swift in Sources */ = {isa = PBXBuildFile; fileRef = D66C0CDA25DA891000818063 /* NewsViewModel.swift */; };
		AA92C6D72716C456008BD343 /* HomeSyncStatusHandler.swift in Sources */ = {isa = PBXBuildFile; fileRef = D63A4C7225DC093600C3B9BF /* HomeSyncStatusHandler.swift */; };
		AA92C6D82716C456008BD343 /* FormFieldView.swift in Sources */ = {isa = PBXBuildFile; fileRef = D6DF3B6C25CECF2300D24D9C /* FormFieldView.swift */; };
		AA92C6D92716C456008BD343 /* FolderAccess.swift in Sources */ = {isa = PBXBuildFile; fileRef = D6E3076225CE99D000806F0C /* FolderAccess.swift */; };
		AA92C6DA2716C456008BD343 /* AppDelegate.swift in Sources */ = {isa = PBXBuildFile; fileRef = D6F2085725C94475005DAC78 /* AppDelegate.swift */; };
		AA92C6DB2716C456008BD343 /* NSTextFieldExtension.swift in Sources */ = {isa = PBXBuildFile; fileRef = D64A1C8025D40FF9009B8BB2 /* NSTextFieldExtension.swift */; };
		AA92C6DC2716C456008BD343 /* CodableExtension.swift in Sources */ = {isa = PBXBuildFile; fileRef = D64A1C8325D41270009B8BB2 /* CodableExtension.swift */; };
		AA92C6DD2716C456008BD343 /* HomeViewController.swift in Sources */ = {isa = PBXBuildFile; fileRef = D6EBE34525CE45E500498A04 /* HomeViewController.swift */; };
		AA92C6DE2716C456008BD343 /* CharacterSetExtensions.swift in Sources */ = {isa = PBXBuildFile; fileRef = D64FB0B125F1F3450026473F /* CharacterSetExtensions.swift */; };
		AA92C6DF2716C456008BD343 /* Validation.swift in Sources */ = {isa = PBXBuildFile; fileRef = D64FB0B425F1F3760026473F /* Validation.swift */; };
		AA92C6E02716C456008BD343 /* HomeViewModel.swift in Sources */ = {isa = PBXBuildFile; fileRef = D69C997A25CED7D900642A55 /* HomeViewModel.swift */; };
		AA92C6E12716C456008BD343 /* Strings+Generated.swift in Sources */ = {isa = PBXBuildFile; fileRef = D60EFBB125D4F042003931BB /* Strings+Generated.swift */; };
		AA92C6E22716C456008BD343 /* NSViewControllerExtensions.swift in Sources */ = {isa = PBXBuildFile; fileRef = D67DC75A25D6453C00FE3DDB /* NSViewControllerExtensions.swift */; };
		AA92C6E32716C456008BD343 /* NewsView.swift in Sources */ = {isa = PBXBuildFile; fileRef = D66C0CD725DA887500818063 /* NewsView.swift */; };
		AA92C6E42716C456008BD343 /* Storage.swift in Sources */ = {isa = PBXBuildFile; fileRef = D6EBE34B25CE497000498A04 /* Storage.swift */; };
		AA92C6E52716C456008BD343 /* NSViewExtensions.swift in Sources */ = {isa = PBXBuildFile; fileRef = D67DC75725D644E600FE3DDB /* NSViewExtensions.swift */; };
		AA92C6E62716C456008BD343 /* UploadStatus.swift in Sources */ = {isa = PBXBuildFile; fileRef = D6AE0E14265A652D0038DFAE /* UploadStatus.swift */; };
		AA92C6E72716C456008BD343 /* SiteConnectionOperation.swift in Sources */ = {isa = PBXBuildFile; fileRef = D60EFBC225D54965003931BB /* SiteConnectionOperation.swift */; };
		AA92C6E82716C456008BD343 /* Constants.swift in Sources */ = {isa = PBXBuildFile; fileRef = D64A1C7D25D40E96009B8BB2 /* Constants.swift */; };
		AA92C6E92716C456008BD343 /* PreferenceViewModel.swift in Sources */ = {isa = PBXBuildFile; fileRef = D69C997725CED49300642A55 /* PreferenceViewModel.swift */; };
		AA92C6EA2716C456008BD343 /* PreferenceHelpView.swift in Sources */ = {isa = PBXBuildFile; fileRef = D6E641DB25DA9C1C00262B13 /* PreferenceHelpView.swift */; };
		AA92C6EB2716C456008BD343 /* HomeUploadHandler.swift in Sources */ = {isa = PBXBuildFile; fileRef = D63FDA4425E1443F000929C0 /* HomeUploadHandler.swift */; };
		AA92C6EC2716C456008BD343 /* TimeIntervalExtensions.swift in Sources */ = {isa = PBXBuildFile; fileRef = D60EFBBB25D4FA69003931BB /* TimeIntervalExtensions.swift */; };
		AA92C6ED2716C456008BD343 /* DateExtensions.swift in Sources */ = {isa = PBXBuildFile; fileRef = D6A0F99625DEADDA00DBD5B0 /* DateExtensions.swift */; };
		AA92C6EE2716C456008BD343 /* HomeDownloadHandler.swift in Sources */ = {isa = PBXBuildFile; fileRef = D63FDA4725E1444E000929C0 /* HomeDownloadHandler.swift */; };
		AA92C6F12716C456008BD343 /* WebKit.framework in Frameworks */ = {isa = PBXBuildFile; fileRef = D63A4C6625DBB8E400C3B9BF /* WebKit.framework */; };
		AA92C6F32716C456008BD343 /* Assets.xcassets in Resources */ = {isa = PBXBuildFile; fileRef = D6F2085B25C9447A005DAC78 /* Assets.xcassets */; };
		AA92C6F42716C456008BD343 /* Credits.html in Resources */ = {isa = PBXBuildFile; fileRef = D6B5EBE425E4B61900717561 /* Credits.html */; };
		AA92C6F62716C456008BD343 /* Main.storyboard in Resources */ = {isa = PBXBuildFile; fileRef = D6F2085D25C9447A005DAC78 /* Main.storyboard */; };
		AACAFEDE26E10ED300511FF2 /* ImageView.swift in Sources */ = {isa = PBXBuildFile; fileRef = D6A0F99225DDFDF800DBD5B0 /* ImageView.swift */; };
		AACAFEDF26E10ED300511FF2 /* AsyncOperation.swift in Sources */ = {isa = PBXBuildFile; fileRef = D65FBD2A265D181300CC0610 /* AsyncOperation.swift */; };
		AACAFEE026E10ED300511FF2 /* FileManagerExtensions.swift in Sources */ = {isa = PBXBuildFile; fileRef = D6E641E425DA9FAB00262B13 /* FileManagerExtensions.swift */; };
		AACAFEE126E10ED300511FF2 /* PreferenceViewController.swift in Sources */ = {isa = PBXBuildFile; fileRef = D6DF3B6025CEBFFF00D24D9C /* PreferenceViewController.swift */; };
		AACAFEE226E10ED300511FF2 /* Utility.swift in Sources */ = {isa = PBXBuildFile; fileRef = D67B060325CE83520021C8C9 /* Utility.swift */; };
		AACAFEE326E10ED300511FF2 /* SiteConnectionExtensions.swift in Sources */ = {isa = PBXBuildFile; fileRef = D60EFBB825D4F1CB003931BB /* SiteConnectionExtensions.swift */; };
		AACAFEE426E10ED300511FF2 /* ConnectionListView.swift in Sources */ = {isa = PBXBuildFile; fileRef = D6DF3B6F25CECF3400D24D9C /* ConnectionListView.swift */; };
		AACAFEE526E10ED300511FF2 /* NewsViewModel.swift in Sources */ = {isa = PBXBuildFile; fileRef = D66C0CDA25DA891000818063 /* NewsViewModel.swift */; };
		AACAFEE626E10ED300511FF2 /* HomeSyncStatusHandler.swift in Sources */ = {isa = PBXBuildFile; fileRef = D63A4C7225DC093600C3B9BF /* HomeSyncStatusHandler.swift */; };
		AACAFEE726E10ED300511FF2 /* FormFieldView.swift in Sources */ = {isa = PBXBuildFile; fileRef = D6DF3B6C25CECF2300D24D9C /* FormFieldView.swift */; };
		AACAFEE826E10ED300511FF2 /* FolderAccess.swift in Sources */ = {isa = PBXBuildFile; fileRef = D6E3076225CE99D000806F0C /* FolderAccess.swift */; };
		AACAFEE926E10ED300511FF2 /* AppDelegate.swift in Sources */ = {isa = PBXBuildFile; fileRef = D6F2085725C94475005DAC78 /* AppDelegate.swift */; };
		AACAFEEA26E10ED300511FF2 /* NSTextFieldExtension.swift in Sources */ = {isa = PBXBuildFile; fileRef = D64A1C8025D40FF9009B8BB2 /* NSTextFieldExtension.swift */; };
		AACAFEEB26E10ED300511FF2 /* CodableExtension.swift in Sources */ = {isa = PBXBuildFile; fileRef = D64A1C8325D41270009B8BB2 /* CodableExtension.swift */; };
		AACAFEEC26E10ED300511FF2 /* HomeViewController.swift in Sources */ = {isa = PBXBuildFile; fileRef = D6EBE34525CE45E500498A04 /* HomeViewController.swift */; };
		AACAFEED26E10ED300511FF2 /* CharacterSetExtensions.swift in Sources */ = {isa = PBXBuildFile; fileRef = D64FB0B125F1F3450026473F /* CharacterSetExtensions.swift */; };
		AACAFEEE26E10ED300511FF2 /* Validation.swift in Sources */ = {isa = PBXBuildFile; fileRef = D64FB0B425F1F3760026473F /* Validation.swift */; };
		AACAFEEF26E10ED300511FF2 /* HomeViewModel.swift in Sources */ = {isa = PBXBuildFile; fileRef = D69C997A25CED7D900642A55 /* HomeViewModel.swift */; };
		AACAFEF026E10ED300511FF2 /* Strings+Generated.swift in Sources */ = {isa = PBXBuildFile; fileRef = D60EFBB125D4F042003931BB /* Strings+Generated.swift */; };
		AACAFEF126E10ED300511FF2 /* NSViewControllerExtensions.swift in Sources */ = {isa = PBXBuildFile; fileRef = D67DC75A25D6453C00FE3DDB /* NSViewControllerExtensions.swift */; };
		AACAFEF226E10ED300511FF2 /* NewsView.swift in Sources */ = {isa = PBXBuildFile; fileRef = D66C0CD725DA887500818063 /* NewsView.swift */; };
		AACAFEF326E10ED300511FF2 /* Storage.swift in Sources */ = {isa = PBXBuildFile; fileRef = D6EBE34B25CE497000498A04 /* Storage.swift */; };
		AACAFEF426E10ED300511FF2 /* NSViewExtensions.swift in Sources */ = {isa = PBXBuildFile; fileRef = D67DC75725D644E600FE3DDB /* NSViewExtensions.swift */; };
		AACAFEF526E10ED300511FF2 /* UploadStatus.swift in Sources */ = {isa = PBXBuildFile; fileRef = D6AE0E14265A652D0038DFAE /* UploadStatus.swift */; };
		AACAFEF626E10ED300511FF2 /* SiteConnectionOperation.swift in Sources */ = {isa = PBXBuildFile; fileRef = D60EFBC225D54965003931BB /* SiteConnectionOperation.swift */; };
		AACAFEF726E10ED300511FF2 /* Constants.swift in Sources */ = {isa = PBXBuildFile; fileRef = D64A1C7D25D40E96009B8BB2 /* Constants.swift */; };
		AACAFEF826E10ED300511FF2 /* PreferenceViewModel.swift in Sources */ = {isa = PBXBuildFile; fileRef = D69C997725CED49300642A55 /* PreferenceViewModel.swift */; };
		AACAFEF926E10ED300511FF2 /* PreferenceHelpView.swift in Sources */ = {isa = PBXBuildFile; fileRef = D6E641DB25DA9C1C00262B13 /* PreferenceHelpView.swift */; };
		AACAFEFA26E10ED300511FF2 /* HomeUploadHandler.swift in Sources */ = {isa = PBXBuildFile; fileRef = D63FDA4425E1443F000929C0 /* HomeUploadHandler.swift */; };
		AACAFEFB26E10ED300511FF2 /* TimeIntervalExtensions.swift in Sources */ = {isa = PBXBuildFile; fileRef = D60EFBBB25D4FA69003931BB /* TimeIntervalExtensions.swift */; };
		AACAFEFC26E10ED300511FF2 /* DateExtensions.swift in Sources */ = {isa = PBXBuildFile; fileRef = D6A0F99625DEADDA00DBD5B0 /* DateExtensions.swift */; };
		AACAFEFD26E10ED300511FF2 /* HomeDownloadHandler.swift in Sources */ = {isa = PBXBuildFile; fileRef = D63FDA4725E1444E000929C0 /* HomeDownloadHandler.swift */; };
		AACAFF0026E10ED300511FF2 /* WebKit.framework in Frameworks */ = {isa = PBXBuildFile; fileRef = D63A4C6625DBB8E400C3B9BF /* WebKit.framework */; };
		AACAFF0226E10ED300511FF2 /* Assets.xcassets in Resources */ = {isa = PBXBuildFile; fileRef = D6F2085B25C9447A005DAC78 /* Assets.xcassets */; };
		AACAFF0326E10ED300511FF2 /* Credits.html in Resources */ = {isa = PBXBuildFile; fileRef = D6B5EBE425E4B61900717561 /* Credits.html */; };
		AACAFF0526E10ED300511FF2 /* Main.storyboard in Resources */ = {isa = PBXBuildFile; fileRef = D6F2085D25C9447A005DAC78 /* Main.storyboard */; };
		CEAEB9612AF69D7300AAC1F3 /* rsync in Resources */ = {isa = PBXBuildFile; fileRef = CEAEB9602AF69D7300AAC1F3 /* rsync */; };
		CEAEB9622AF69D7300AAC1F3 /* rsync in Resources */ = {isa = PBXBuildFile; fileRef = CEAEB9602AF69D7300AAC1F3 /* rsync */; };
		CEAEB9632AF69D7300AAC1F3 /* rsync in Resources */ = {isa = PBXBuildFile; fileRef = CEAEB9602AF69D7300AAC1F3 /* rsync */; };
		CEAEB9642AF69D7300AAC1F3 /* rsync in Resources */ = {isa = PBXBuildFile; fileRef = CEAEB9602AF69D7300AAC1F3 /* rsync */; };
		CEDB2CEA2AE27042004B3711 /* RsyncManager.swift in Sources */ = {isa = PBXBuildFile; fileRef = CEDB2CDE2AE27042004B3711 /* RsyncManager.swift */; };
		CEDB2CEB2AE27042004B3711 /* RsyncManager.swift in Sources */ = {isa = PBXBuildFile; fileRef = CEDB2CDE2AE27042004B3711 /* RsyncManager.swift */; };
		CEDB2CEC2AE27042004B3711 /* RsyncManager.swift in Sources */ = {isa = PBXBuildFile; fileRef = CEDB2CDE2AE27042004B3711 /* RsyncManager.swift */; };
		CEDB2CED2AE27042004B3711 /* RsyncManager.swift in Sources */ = {isa = PBXBuildFile; fileRef = CEDB2CDE2AE27042004B3711 /* RsyncManager.swift */; };
		CEDB2CEE2AE27042004B3711 /* SiteConnection.swift in Sources */ = {isa = PBXBuildFile; fileRef = CEDB2CE02AE27042004B3711 /* SiteConnection.swift */; };
		CEDB2CEF2AE27042004B3711 /* SiteConnection.swift in Sources */ = {isa = PBXBuildFile; fileRef = CEDB2CE02AE27042004B3711 /* SiteConnection.swift */; };
		CEDB2CF02AE27042004B3711 /* SiteConnection.swift in Sources */ = {isa = PBXBuildFile; fileRef = CEDB2CE02AE27042004B3711 /* SiteConnection.swift */; };
		CEDB2CF12AE27042004B3711 /* SiteConnection.swift in Sources */ = {isa = PBXBuildFile; fileRef = CEDB2CE02AE27042004B3711 /* SiteConnection.swift */; };
		CEDB2CF62AE27042004B3711 /* BashExecuter.swift in Sources */ = {isa = PBXBuildFile; fileRef = CEDB2CE32AE27042004B3711 /* BashExecuter.swift */; };
		CEDB2CF72AE27042004B3711 /* BashExecuter.swift in Sources */ = {isa = PBXBuildFile; fileRef = CEDB2CE32AE27042004B3711 /* BashExecuter.swift */; };
		CEDB2CF82AE27042004B3711 /* BashExecuter.swift in Sources */ = {isa = PBXBuildFile; fileRef = CEDB2CE32AE27042004B3711 /* BashExecuter.swift */; };
		CEDB2CF92AE27042004B3711 /* BashExecuter.swift in Sources */ = {isa = PBXBuildFile; fileRef = CEDB2CE32AE27042004B3711 /* BashExecuter.swift */; };
		CEDB2CFA2AE27042004B3711 /* check-connection.sh in Resources */ = {isa = PBXBuildFile; fileRef = CEDB2CE52AE27042004B3711 /* check-connection.sh */; };
		CEDB2CFB2AE27042004B3711 /* check-connection.sh in Resources */ = {isa = PBXBuildFile; fileRef = CEDB2CE52AE27042004B3711 /* check-connection.sh */; };
		CEDB2CFC2AE27042004B3711 /* check-connection.sh in Resources */ = {isa = PBXBuildFile; fileRef = CEDB2CE52AE27042004B3711 /* check-connection.sh */; };
		CEDB2CFD2AE27042004B3711 /* check-connection.sh in Resources */ = {isa = PBXBuildFile; fileRef = CEDB2CE52AE27042004B3711 /* check-connection.sh */; };
		CEDB2CFE2AE27042004B3711 /* last-owner.sh in Resources */ = {isa = PBXBuildFile; fileRef = CEDB2CE62AE27042004B3711 /* last-owner.sh */; };
		CEDB2CFF2AE27042004B3711 /* last-owner.sh in Resources */ = {isa = PBXBuildFile; fileRef = CEDB2CE62AE27042004B3711 /* last-owner.sh */; };
		CEDB2D002AE27042004B3711 /* last-owner.sh in Resources */ = {isa = PBXBuildFile; fileRef = CEDB2CE62AE27042004B3711 /* last-owner.sh */; };
		CEDB2D012AE27042004B3711 /* last-owner.sh in Resources */ = {isa = PBXBuildFile; fileRef = CEDB2CE62AE27042004B3711 /* last-owner.sh */; };
		CEDB2D022AE27042004B3711 /* upload.sh in Resources */ = {isa = PBXBuildFile; fileRef = CEDB2CE72AE27042004B3711 /* upload.sh */; };
		CEDB2D032AE27042004B3711 /* upload.sh in Resources */ = {isa = PBXBuildFile; fileRef = CEDB2CE72AE27042004B3711 /* upload.sh */; };
		CEDB2D042AE27042004B3711 /* upload.sh in Resources */ = {isa = PBXBuildFile; fileRef = CEDB2CE72AE27042004B3711 /* upload.sh */; };
		CEDB2D052AE27042004B3711 /* upload.sh in Resources */ = {isa = PBXBuildFile; fileRef = CEDB2CE72AE27042004B3711 /* upload.sh */; };
		CEDB2D062AE27042004B3711 /* version.sh in Resources */ = {isa = PBXBuildFile; fileRef = CEDB2CE82AE27042004B3711 /* version.sh */; };
		CEDB2D072AE27042004B3711 /* version.sh in Resources */ = {isa = PBXBuildFile; fileRef = CEDB2CE82AE27042004B3711 /* version.sh */; };
		CEDB2D082AE27042004B3711 /* version.sh in Resources */ = {isa = PBXBuildFile; fileRef = CEDB2CE82AE27042004B3711 /* version.sh */; };
		CEDB2D092AE27042004B3711 /* version.sh in Resources */ = {isa = PBXBuildFile; fileRef = CEDB2CE82AE27042004B3711 /* version.sh */; };
		CEDB2D0A2AE27042004B3711 /* download.sh in Resources */ = {isa = PBXBuildFile; fileRef = CEDB2CE92AE27042004B3711 /* download.sh */; };
		CEDB2D0B2AE27042004B3711 /* download.sh in Resources */ = {isa = PBXBuildFile; fileRef = CEDB2CE92AE27042004B3711 /* download.sh */; };
		CEDB2D0C2AE27042004B3711 /* download.sh in Resources */ = {isa = PBXBuildFile; fileRef = CEDB2CE92AE27042004B3711 /* download.sh */; };
		CEDB2D0D2AE27042004B3711 /* download.sh in Resources */ = {isa = PBXBuildFile; fileRef = CEDB2CE92AE27042004B3711 /* download.sh */; };
		CEDB2D122AE28258004B3711 /* SwiftyBeaver in Frameworks */ = {isa = PBXBuildFile; productRef = CEDB2D112AE28258004B3711 /* SwiftyBeaver */; };
		CEDB2D222AE29086004B3711 /* SwiftyBeaver in Frameworks */ = {isa = PBXBuildFile; productRef = CEDB2D212AE29086004B3711 /* SwiftyBeaver */; };
		CEDB2D6F2AEA8654004B3711 /* Logger.swift in Sources */ = {isa = PBXBuildFile; fileRef = CEDB2D6E2AEA8654004B3711 /* Logger.swift */; };
		CEDB2D702AEA8654004B3711 /* Logger.swift in Sources */ = {isa = PBXBuildFile; fileRef = CEDB2D6E2AEA8654004B3711 /* Logger.swift */; };
		CEDB2D712AEA8654004B3711 /* Logger.swift in Sources */ = {isa = PBXBuildFile; fileRef = CEDB2D6E2AEA8654004B3711 /* Logger.swift */; };
		CEDB2D722AEA8654004B3711 /* Logger.swift in Sources */ = {isa = PBXBuildFile; fileRef = CEDB2D6E2AEA8654004B3711 /* Logger.swift */; };
		CEDB2D7D2AEBD74D004B3711 /* Localizable.strings in Resources */ = {isa = PBXBuildFile; fileRef = D60EFBAB25D4EED7003931BB /* Localizable.strings */; };
		CEDB2D7E2AEBD74D004B3711 /* Localizable.strings in Resources */ = {isa = PBXBuildFile; fileRef = D60EFBAB25D4EED7003931BB /* Localizable.strings */; };
		CEDB2D7F2AEBD74E004B3711 /* Localizable.strings in Resources */ = {isa = PBXBuildFile; fileRef = D60EFBAB25D4EED7003931BB /* Localizable.strings */; };
		CEDB2D802AEBD74E004B3711 /* Localizable.strings in Resources */ = {isa = PBXBuildFile; fileRef = D60EFBAB25D4EED7003931BB /* Localizable.strings */; };
		D60EFBB225D4F042003931BB /* Strings+Generated.swift in Sources */ = {isa = PBXBuildFile; fileRef = D60EFBB125D4F042003931BB /* Strings+Generated.swift */; };
		D60EFBB925D4F1CB003931BB /* SiteConnectionExtensions.swift in Sources */ = {isa = PBXBuildFile; fileRef = D60EFBB825D4F1CB003931BB /* SiteConnectionExtensions.swift */; };
		D60EFBBC25D4FA69003931BB /* TimeIntervalExtensions.swift in Sources */ = {isa = PBXBuildFile; fileRef = D60EFBBB25D4FA69003931BB /* TimeIntervalExtensions.swift */; };
		D60EFBC325D54965003931BB /* SiteConnectionOperation.swift in Sources */ = {isa = PBXBuildFile; fileRef = D60EFBC225D54965003931BB /* SiteConnectionOperation.swift */; };
		D63A4C6725DBB8E400C3B9BF /* WebKit.framework in Frameworks */ = {isa = PBXBuildFile; fileRef = D63A4C6625DBB8E400C3B9BF /* WebKit.framework */; };
		D63A4C7325DC093600C3B9BF /* HomeSyncStatusHandler.swift in Sources */ = {isa = PBXBuildFile; fileRef = D63A4C7225DC093600C3B9BF /* HomeSyncStatusHandler.swift */; };
		D63FDA4525E1443F000929C0 /* HomeUploadHandler.swift in Sources */ = {isa = PBXBuildFile; fileRef = D63FDA4425E1443F000929C0 /* HomeUploadHandler.swift */; };
		D63FDA4825E1444E000929C0 /* HomeDownloadHandler.swift in Sources */ = {isa = PBXBuildFile; fileRef = D63FDA4725E1444E000929C0 /* HomeDownloadHandler.swift */; };
		D64A1C7E25D40E96009B8BB2 /* Constants.swift in Sources */ = {isa = PBXBuildFile; fileRef = D64A1C7D25D40E96009B8BB2 /* Constants.swift */; };
		D64A1C8125D40FF9009B8BB2 /* NSTextFieldExtension.swift in Sources */ = {isa = PBXBuildFile; fileRef = D64A1C8025D40FF9009B8BB2 /* NSTextFieldExtension.swift */; };
		D64A1C8425D41270009B8BB2 /* CodableExtension.swift in Sources */ = {isa = PBXBuildFile; fileRef = D64A1C8325D41270009B8BB2 /* CodableExtension.swift */; };
		D64FB0B225F1F3450026473F /* CharacterSetExtensions.swift in Sources */ = {isa = PBXBuildFile; fileRef = D64FB0B125F1F3450026473F /* CharacterSetExtensions.swift */; };
		D64FB0B525F1F3760026473F /* Validation.swift in Sources */ = {isa = PBXBuildFile; fileRef = D64FB0B425F1F3760026473F /* Validation.swift */; };
		D65FBD2B265D181300CC0610 /* AsyncOperation.swift in Sources */ = {isa = PBXBuildFile; fileRef = D65FBD2A265D181300CC0610 /* AsyncOperation.swift */; };
		D66C0CD825DA887500818063 /* NewsView.swift in Sources */ = {isa = PBXBuildFile; fileRef = D66C0CD725DA887500818063 /* NewsView.swift */; };
		D66C0CDB25DA891000818063 /* NewsViewModel.swift in Sources */ = {isa = PBXBuildFile; fileRef = D66C0CDA25DA891000818063 /* NewsViewModel.swift */; };
		D67B060425CE83520021C8C9 /* Utility.swift in Sources */ = {isa = PBXBuildFile; fileRef = D67B060325CE83520021C8C9 /* Utility.swift */; };
		D67DC75825D644E600FE3DDB /* NSViewExtensions.swift in Sources */ = {isa = PBXBuildFile; fileRef = D67DC75725D644E600FE3DDB /* NSViewExtensions.swift */; };
		D67DC75B25D6453C00FE3DDB /* NSViewControllerExtensions.swift in Sources */ = {isa = PBXBuildFile; fileRef = D67DC75A25D6453C00FE3DDB /* NSViewControllerExtensions.swift */; };
		D69C997825CED49300642A55 /* PreferenceViewModel.swift in Sources */ = {isa = PBXBuildFile; fileRef = D69C997725CED49300642A55 /* PreferenceViewModel.swift */; };
		D69C997B25CED7D900642A55 /* HomeViewModel.swift in Sources */ = {isa = PBXBuildFile; fileRef = D69C997A25CED7D900642A55 /* HomeViewModel.swift */; };
		D6A0F99325DDFDF800DBD5B0 /* ImageView.swift in Sources */ = {isa = PBXBuildFile; fileRef = D6A0F99225DDFDF800DBD5B0 /* ImageView.swift */; };
		D6A0F99725DEADDA00DBD5B0 /* DateExtensions.swift in Sources */ = {isa = PBXBuildFile; fileRef = D6A0F99625DEADDA00DBD5B0 /* DateExtensions.swift */; };
		D6AE0E15265A652D0038DFAE /* UploadStatus.swift in Sources */ = {isa = PBXBuildFile; fileRef = D6AE0E14265A652D0038DFAE /* UploadStatus.swift */; };
		D6B5EBE525E4B61900717561 /* Credits.html in Resources */ = {isa = PBXBuildFile; fileRef = D6B5EBE425E4B61900717561 /* Credits.html */; };
		D6DF3B6225CEBFFF00D24D9C /* PreferenceViewController.swift in Sources */ = {isa = PBXBuildFile; fileRef = D6DF3B6025CEBFFF00D24D9C /* PreferenceViewController.swift */; };
		D6DF3B6D25CECF2300D24D9C /* FormFieldView.swift in Sources */ = {isa = PBXBuildFile; fileRef = D6DF3B6C25CECF2300D24D9C /* FormFieldView.swift */; };
		D6DF3B7025CECF3400D24D9C /* ConnectionListView.swift in Sources */ = {isa = PBXBuildFile; fileRef = D6DF3B6F25CECF3400D24D9C /* ConnectionListView.swift */; };
		D6E3076325CE99D000806F0C /* FolderAccess.swift in Sources */ = {isa = PBXBuildFile; fileRef = D6E3076225CE99D000806F0C /* FolderAccess.swift */; };
		D6E641DC25DA9C1C00262B13 /* PreferenceHelpView.swift in Sources */ = {isa = PBXBuildFile; fileRef = D6E641DB25DA9C1C00262B13 /* PreferenceHelpView.swift */; };
		D6E641E525DA9FAB00262B13 /* FileManagerExtensions.swift in Sources */ = {isa = PBXBuildFile; fileRef = D6E641E425DA9FAB00262B13 /* FileManagerExtensions.swift */; };
		D6EBE34625CE45E500498A04 /* HomeViewController.swift in Sources */ = {isa = PBXBuildFile; fileRef = D6EBE34525CE45E500498A04 /* HomeViewController.swift */; };
		D6EBE34C25CE497000498A04 /* Storage.swift in Sources */ = {isa = PBXBuildFile; fileRef = D6EBE34B25CE497000498A04 /* Storage.swift */; };
		D6F2085825C94475005DAC78 /* AppDelegate.swift in Sources */ = {isa = PBXBuildFile; fileRef = D6F2085725C94475005DAC78 /* AppDelegate.swift */; };
		D6F2085C25C9447A005DAC78 /* Assets.xcassets in Resources */ = {isa = PBXBuildFile; fileRef = D6F2085B25C9447A005DAC78 /* Assets.xcassets */; };
		D6F2085F25C9447A005DAC78 /* Main.storyboard in Resources */ = {isa = PBXBuildFile; fileRef = D6F2085D25C9447A005DAC78 /* Main.storyboard */; };
/* End PBXBuildFile section */

/* Begin PBXCopyFilesBuildPhase section */
		CEDB2D0E2AE27A92004B3711 /* CopyFiles */ = {
			isa = PBXCopyFilesBuildPhase;
			buildActionMask = 2147483647;
			dstPath = "";
			dstSubfolderSpec = 6;
			files = (
			);
			runOnlyForDeploymentPostprocessing = 0;
		};
		CEDB2D192AE28F60004B3711 /* CopyFiles */ = {
			isa = PBXCopyFilesBuildPhase;
			buildActionMask = 2147483647;
			dstPath = "";
			dstSubfolderSpec = 6;
			files = (
			);
			runOnlyForDeploymentPostprocessing = 0;
		};
/* End PBXCopyFilesBuildPhase section */

/* Begin PBXFileReference section */
		4BF35272263AA6A500BFD9B8 /* Rsync-Dependency */ = {isa = PBXFileReference; lastKnownFileType = folder; name = "Rsync-Dependency"; path = "../Rsync-Dependency"; sourceTree = "<group>"; };
		AA38685B2A306F3200C134B8 /* Svija Sync Demo.app */ = {isa = PBXFileReference; explicitFileType = wrapper.application; includeInIndex = 0; path = "Svija Sync Demo.app"; sourceTree = BUILT_PRODUCTS_DIR; };
		AA92C6FB2716C456008BD343 /* Svija Sync Beta.app */ = {isa = PBXFileReference; explicitFileType = wrapper.application; includeInIndex = 0; path = "Svija Sync Beta.app"; sourceTree = BUILT_PRODUCTS_DIR; };
		AACAFF0A26E10ED300511FF2 /* Svija Sync Direct.app */ = {isa = PBXFileReference; explicitFileType = wrapper.application; includeInIndex = 0; path = "Svija Sync Direct.app"; sourceTree = BUILT_PRODUCTS_DIR; };
		CEAEB95E2AF69BF200AAC1F3 /* rsync-debug */ = {isa = PBXFileReference; lastKnownFileType = "compiled.mach-o.executable"; path = "rsync-debug"; sourceTree = "<group>"; };
		CEAEB9602AF69D7300AAC1F3 /* rsync */ = {isa = PBXFileReference; lastKnownFileType = "compiled.mach-o.executable"; path = rsync; sourceTree = "<group>"; };
		CEDB2CDE2AE27042004B3711 /* RsyncManager.swift */ = {isa = PBXFileReference; fileEncoding = 4; lastKnownFileType = sourcecode.swift; path = RsyncManager.swift; sourceTree = "<group>"; };
		CEDB2CE02AE27042004B3711 /* SiteConnection.swift */ = {isa = PBXFileReference; fileEncoding = 4; lastKnownFileType = sourcecode.swift; path = SiteConnection.swift; sourceTree = "<group>"; };
		CEDB2CE32AE27042004B3711 /* BashExecuter.swift */ = {isa = PBXFileReference; fileEncoding = 4; lastKnownFileType = sourcecode.swift; path = BashExecuter.swift; sourceTree = "<group>"; };
		CEDB2CE52AE27042004B3711 /* check-connection.sh */ = {isa = PBXFileReference; fileEncoding = 4; lastKnownFileType = text.script.sh; path = "check-connection.sh"; sourceTree = "<group>"; };
		CEDB2CE62AE27042004B3711 /* last-owner.sh */ = {isa = PBXFileReference; fileEncoding = 4; lastKnownFileType = text.script.sh; path = "last-owner.sh"; sourceTree = "<group>"; };
		CEDB2CE72AE27042004B3711 /* upload.sh */ = {isa = PBXFileReference; fileEncoding = 4; lastKnownFileType = text.script.sh; path = upload.sh; sourceTree = "<group>"; };
		CEDB2CE82AE27042004B3711 /* version.sh */ = {isa = PBXFileReference; fileEncoding = 4; lastKnownFileType = text.script.sh; path = version.sh; sourceTree = "<group>"; };
		CEDB2CE92AE27042004B3711 /* download.sh */ = {isa = PBXFileReference; fileEncoding = 4; lastKnownFileType = text.script.sh; path = download.sh; sourceTree = "<group>"; };
		CEDB2D132AE28A81004B3711 /* rsync.entitlements */ = {isa = PBXFileReference; lastKnownFileType = text.plist.entitlements; path = rsync.entitlements; sourceTree = "<group>"; };
		CEDB2D6E2AEA8654004B3711 /* Logger.swift */ = {isa = PBXFileReference; lastKnownFileType = sourcecode.swift; path = Logger.swift; sourceTree = "<group>"; };
		CEDB2D842AEBDAFB004B3711 /* Info-Direct.plist */ = {isa = PBXFileReference; lastKnownFileType = text.plist.xml; path = "Info-Direct.plist"; sourceTree = "<group>"; };
		CEDB2D852AEBDAFB004B3711 /* Info-Beta.plist */ = {isa = PBXFileReference; lastKnownFileType = text.plist.xml; path = "Info-Beta.plist"; sourceTree = "<group>"; };
		CEDB2D862AEBDAFB004B3711 /* Info-Demo.plist */ = {isa = PBXFileReference; lastKnownFileType = text.plist.xml; path = "Info-Demo.plist"; sourceTree = "<group>"; };
		CEDB2D872AEBDAFB004B3711 /* Info.plist */ = {isa = PBXFileReference; lastKnownFileType = text.plist.xml; path = Info.plist; sourceTree = "<group>"; };
		D60EFBAA25D4EED7003931BB /* en */ = {isa = PBXFileReference; lastKnownFileType = text.plist.strings; name = en; path = en.lproj/Localizable.strings; sourceTree = "<group>"; };
		D60EFBAD25D4EF36003931BB /* fr */ = {isa = PBXFileReference; lastKnownFileType = text.plist.strings; name = fr; path = fr.lproj/Localizable.strings; sourceTree = "<group>"; };
		D60EFBB125D4F042003931BB /* Strings+Generated.swift */ = {isa = PBXFileReference; fileEncoding = 4; lastKnownFileType = sourcecode.swift; path = "Strings+Generated.swift"; sourceTree = "<group>"; };
		D60EFBB825D4F1CB003931BB /* SiteConnectionExtensions.swift */ = {isa = PBXFileReference; lastKnownFileType = sourcecode.swift; path = SiteConnectionExtensions.swift; sourceTree = "<group>"; };
		D60EFBBB25D4FA69003931BB /* TimeIntervalExtensions.swift */ = {isa = PBXFileReference; lastKnownFileType = sourcecode.swift; path = TimeIntervalExtensions.swift; sourceTree = "<group>"; };
		D60EFBC225D54965003931BB /* SiteConnectionOperation.swift */ = {isa = PBXFileReference; lastKnownFileType = sourcecode.swift; path = SiteConnectionOperation.swift; sourceTree = "<group>"; };
		D63A4C6625DBB8E400C3B9BF /* WebKit.framework */ = {isa = PBXFileReference; lastKnownFileType = wrapper.framework; name = WebKit.framework; path = System/Library/Frameworks/WebKit.framework; sourceTree = SDKROOT; };
		D63A4C7225DC093600C3B9BF /* HomeSyncStatusHandler.swift */ = {isa = PBXFileReference; lastKnownFileType = sourcecode.swift; path = HomeSyncStatusHandler.swift; sourceTree = "<group>"; };
		D63FDA4425E1443F000929C0 /* HomeUploadHandler.swift */ = {isa = PBXFileReference; lastKnownFileType = sourcecode.swift; path = HomeUploadHandler.swift; sourceTree = "<group>"; };
		D63FDA4725E1444E000929C0 /* HomeDownloadHandler.swift */ = {isa = PBXFileReference; lastKnownFileType = sourcecode.swift; path = HomeDownloadHandler.swift; sourceTree = "<group>"; };
		D64A1C7D25D40E96009B8BB2 /* Constants.swift */ = {isa = PBXFileReference; lastKnownFileType = sourcecode.swift; path = Constants.swift; sourceTree = "<group>"; };
		D64A1C8025D40FF9009B8BB2 /* NSTextFieldExtension.swift */ = {isa = PBXFileReference; lastKnownFileType = sourcecode.swift; path = NSTextFieldExtension.swift; sourceTree = "<group>"; };
		D64A1C8325D41270009B8BB2 /* CodableExtension.swift */ = {isa = PBXFileReference; lastKnownFileType = sourcecode.swift; path = CodableExtension.swift; sourceTree = "<group>"; };
		D64FB0B125F1F3450026473F /* CharacterSetExtensions.swift */ = {isa = PBXFileReference; lastKnownFileType = sourcecode.swift; path = CharacterSetExtensions.swift; sourceTree = "<group>"; };
		D64FB0B425F1F3760026473F /* Validation.swift */ = {isa = PBXFileReference; lastKnownFileType = sourcecode.swift; path = Validation.swift; sourceTree = "<group>"; };
		D65FBD2A265D181300CC0610 /* AsyncOperation.swift */ = {isa = PBXFileReference; lastKnownFileType = sourcecode.swift; path = AsyncOperation.swift; sourceTree = "<group>"; };
		D66C0CD725DA887500818063 /* NewsView.swift */ = {isa = PBXFileReference; lastKnownFileType = sourcecode.swift; path = NewsView.swift; sourceTree = "<group>"; };
		D66C0CDA25DA891000818063 /* NewsViewModel.swift */ = {isa = PBXFileReference; lastKnownFileType = sourcecode.swift; path = NewsViewModel.swift; sourceTree = "<group>"; };
		D67B060325CE83520021C8C9 /* Utility.swift */ = {isa = PBXFileReference; lastKnownFileType = sourcecode.swift; path = Utility.swift; sourceTree = "<group>"; };
		D67DC75725D644E600FE3DDB /* NSViewExtensions.swift */ = {isa = PBXFileReference; lastKnownFileType = sourcecode.swift; path = NSViewExtensions.swift; sourceTree = "<group>"; };
		D67DC75A25D6453C00FE3DDB /* NSViewControllerExtensions.swift */ = {isa = PBXFileReference; lastKnownFileType = sourcecode.swift; path = NSViewControllerExtensions.swift; sourceTree = "<group>"; };
		D69C997725CED49300642A55 /* PreferenceViewModel.swift */ = {isa = PBXFileReference; lastKnownFileType = sourcecode.swift; path = PreferenceViewModel.swift; sourceTree = "<group>"; };
		D69C997A25CED7D900642A55 /* HomeViewModel.swift */ = {isa = PBXFileReference; lastKnownFileType = sourcecode.swift; path = HomeViewModel.swift; sourceTree = "<group>"; };
		D6A0F99225DDFDF800DBD5B0 /* ImageView.swift */ = {isa = PBXFileReference; lastKnownFileType = sourcecode.swift; path = ImageView.swift; sourceTree = "<group>"; };
		D6A0F99625DEADDA00DBD5B0 /* DateExtensions.swift */ = {isa = PBXFileReference; lastKnownFileType = sourcecode.swift; path = DateExtensions.swift; sourceTree = "<group>"; };
		D6AE0E14265A652D0038DFAE /* UploadStatus.swift */ = {isa = PBXFileReference; lastKnownFileType = sourcecode.swift; path = UploadStatus.swift; sourceTree = "<group>"; };
		D6B5EBE425E4B61900717561 /* Credits.html */ = {isa = PBXFileReference; fileEncoding = 4; lastKnownFileType = text.html; path = Credits.html; sourceTree = "<group>"; };
		D6DF3B6025CEBFFF00D24D9C /* PreferenceViewController.swift */ = {isa = PBXFileReference; lastKnownFileType = sourcecode.swift; path = PreferenceViewController.swift; sourceTree = "<group>"; };
		D6DF3B6C25CECF2300D24D9C /* FormFieldView.swift */ = {isa = PBXFileReference; lastKnownFileType = sourcecode.swift; path = FormFieldView.swift; sourceTree = "<group>"; };
		D6DF3B6F25CECF3400D24D9C /* ConnectionListView.swift */ = {isa = PBXFileReference; lastKnownFileType = sourcecode.swift; path = ConnectionListView.swift; sourceTree = "<group>"; };
		D6E3076225CE99D000806F0C /* FolderAccess.swift */ = {isa = PBXFileReference; lastKnownFileType = sourcecode.swift; path = FolderAccess.swift; sourceTree = "<group>"; };
		D6E641DB25DA9C1C00262B13 /* PreferenceHelpView.swift */ = {isa = PBXFileReference; lastKnownFileType = sourcecode.swift; path = PreferenceHelpView.swift; sourceTree = "<group>"; };
		D6E641E425DA9FAB00262B13 /* FileManagerExtensions.swift */ = {isa = PBXFileReference; lastKnownFileType = sourcecode.swift; path = FileManagerExtensions.swift; sourceTree = "<group>"; };
		D6EBE34525CE45E500498A04 /* HomeViewController.swift */ = {isa = PBXFileReference; lastKnownFileType = sourcecode.swift; path = HomeViewController.swift; sourceTree = "<group>"; };
		D6EBE34B25CE497000498A04 /* Storage.swift */ = {isa = PBXFileReference; lastKnownFileType = sourcecode.swift; path = Storage.swift; sourceTree = "<group>"; };
		D6F2085425C94475005DAC78 /* Svija Sync.app */ = {isa = PBXFileReference; explicitFileType = wrapper.application; includeInIndex = 0; path = "Svija Sync.app"; sourceTree = BUILT_PRODUCTS_DIR; };
		D6F2085725C94475005DAC78 /* AppDelegate.swift */ = {isa = PBXFileReference; lastKnownFileType = sourcecode.swift; path = AppDelegate.swift; sourceTree = "<group>"; };
		D6F2085B25C9447A005DAC78 /* Assets.xcassets */ = {isa = PBXFileReference; lastKnownFileType = folder.assetcatalog; path = Assets.xcassets; sourceTree = "<group>"; };
		D6F2085E25C9447A005DAC78 /* Base */ = {isa = PBXFileReference; lastKnownFileType = file.storyboard; name = Base; path = Base.lproj/Main.storyboard; sourceTree = "<group>"; };
		D6F2086125C9447A005DAC78 /* SvijaSync.entitlements */ = {isa = PBXFileReference; lastKnownFileType = text.plist.entitlements; path = SvijaSync.entitlements; sourceTree = "<group>"; };
/* End PBXFileReference section */

/* Begin PBXFrameworksBuildPhase section */
		AA38684F2A306F3200C134B8 /* Frameworks */ = {
			isa = PBXFrameworksBuildPhase;
			buildActionMask = 2147483647;
			files = (
				AA3868502A306F3200C134B8 /* Rsync in Frameworks */,
				AA3868512A306F3200C134B8 /* WebKit.framework in Frameworks */,
			);
			runOnlyForDeploymentPostprocessing = 0;
		};
		AA92C6EF2716C456008BD343 /* Frameworks */ = {
			isa = PBXFrameworksBuildPhase;
			buildActionMask = 2147483647;
			files = (
				AA92C6F12716C456008BD343 /* WebKit.framework in Frameworks */,
			);
			runOnlyForDeploymentPostprocessing = 0;
		};
		AACAFEFE26E10ED300511FF2 /* Frameworks */ = {
			isa = PBXFrameworksBuildPhase;
			buildActionMask = 2147483647;
			files = (
				AACAFF0026E10ED300511FF2 /* WebKit.framework in Frameworks */,
				CEDB2D222AE29086004B3711 /* SwiftyBeaver in Frameworks */,
			);
			runOnlyForDeploymentPostprocessing = 0;
		};
		D6F2085125C94475005DAC78 /* Frameworks */ = {
			isa = PBXFrameworksBuildPhase;
			buildActionMask = 2147483647;
			files = (
				D63A4C6725DBB8E400C3B9BF /* WebKit.framework in Frameworks */,
				CEDB2D122AE28258004B3711 /* SwiftyBeaver in Frameworks */,
			);
			runOnlyForDeploymentPostprocessing = 0;
		};
/* End PBXFrameworksBuildPhase section */

/* Begin PBXGroup section */
		CEDB2CDD2AE27042004B3711 /* Rsync */ = {
			isa = PBXGroup;
			children = (
				CEDB2CDE2AE27042004B3711 /* RsyncManager.swift */,
				CEDB2CDF2AE27042004B3711 /* Models */,
				CEDB2CE12AE27042004B3711 /* Binaries */,
				CEDB2CE32AE27042004B3711 /* BashExecuter.swift */,
				CEDB2CE42AE27042004B3711 /* Scripts */,
			);
			path = Rsync;
			sourceTree = "<group>";
		};
		CEDB2CDF2AE27042004B3711 /* Models */ = {
			isa = PBXGroup;
			children = (
				CEDB2CE02AE27042004B3711 /* SiteConnection.swift */,
			);
			path = Models;
			sourceTree = "<group>";
		};
		CEDB2CE12AE27042004B3711 /* Binaries */ = {
			isa = PBXGroup;
			children = (
				CEAEB9602AF69D7300AAC1F3 /* rsync */,
				CEAEB95E2AF69BF200AAC1F3 /* rsync-debug */,
				CEDB2D132AE28A81004B3711 /* rsync.entitlements */,
			);
			path = Binaries;
			sourceTree = "<group>";
		};
		CEDB2CE42AE27042004B3711 /* Scripts */ = {
			isa = PBXGroup;
			children = (
				CEDB2CE52AE27042004B3711 /* check-connection.sh */,
				CEDB2CE62AE27042004B3711 /* last-owner.sh */,
				CEDB2CE72AE27042004B3711 /* upload.sh */,
				CEDB2CE82AE27042004B3711 /* version.sh */,
				CEDB2CE92AE27042004B3711 /* download.sh */,
			);
			path = Scripts;
			sourceTree = "<group>";
		};
		CEDB2D832AEBDAFB004B3711 /* Plist */ = {
			isa = PBXGroup;
			children = (
				CEDB2D842AEBDAFB004B3711 /* Info-Direct.plist */,
				CEDB2D852AEBDAFB004B3711 /* Info-Beta.plist */,
				CEDB2D862AEBDAFB004B3711 /* Info-Demo.plist */,
				CEDB2D872AEBDAFB004B3711 /* Info.plist */,
			);
			path = Plist;
			sourceTree = "<group>";
		};
		D60EFBA125D4EE80003931BB /* Strings */ = {
			isa = PBXGroup;
			children = (
				D60EFBB125D4F042003931BB /* Strings+Generated.swift */,
				D60EFBAB25D4EED7003931BB /* Localizable.strings */,
			);
			path = Strings;
			sourceTree = "<group>";
		};
		D60EFBB425D4F13F003931BB /* ViewModel */ = {
			isa = PBXGroup;
			children = (
				D69C997725CED49300642A55 /* PreferenceViewModel.swift */,
			);
			path = ViewModel;
			sourceTree = "<group>";
		};
		D60EFBB625D4F146003931BB /* ViewModel */ = {
			isa = PBXGroup;
			children = (
				D69C997A25CED7D900642A55 /* HomeViewModel.swift */,
			);
			path = ViewModel;
			sourceTree = "<group>";
		};
		D6148CCE25D6EAE3003F99CC /* Extensions */ = {
			isa = PBXGroup;
			children = (
				D64A1C8025D40FF9009B8BB2 /* NSTextFieldExtension.swift */,
				D64A1C8325D41270009B8BB2 /* CodableExtension.swift */,
				D60EFBB825D4F1CB003931BB /* SiteConnectionExtensions.swift */,
				D60EFBBB25D4FA69003931BB /* TimeIntervalExtensions.swift */,
				D67DC75725D644E600FE3DDB /* NSViewExtensions.swift */,
				D67DC75A25D6453C00FE3DDB /* NSViewControllerExtensions.swift */,
				D6E641E425DA9FAB00262B13 /* FileManagerExtensions.swift */,
				D6A0F99625DEADDA00DBD5B0 /* DateExtensions.swift */,
				D64FB0B125F1F3450026473F /* CharacterSetExtensions.swift */,
			);
			path = Extensions;
			sourceTree = "<group>";
		};
		D63FDA4B25E14D92000929C0 /* Helper */ = {
			isa = PBXGroup;
			children = (
				D63FDA4425E1443F000929C0 /* HomeUploadHandler.swift */,
				D63FDA4725E1444E000929C0 /* HomeDownloadHandler.swift */,
				D63A4C7225DC093600C3B9BF /* HomeSyncStatusHandler.swift */,
				D6AE0E14265A652D0038DFAE /* UploadStatus.swift */,
			);
			path = Helper;
			sourceTree = "<group>";
		};
		D66B288F25D694B500A2ACF8 /* Frameworks */ = {
			isa = PBXGroup;
			children = (
				4BF35272263AA6A500BFD9B8 /* Rsync-Dependency */,
				D63A4C6625DBB8E400C3B9BF /* WebKit.framework */,
			);
			name = Frameworks;
			sourceTree = "<group>";
		};
		D6DF3B6625CECEE100D24D9C /* Preference */ = {
			isa = PBXGroup;
			children = (
				D6DF3B6025CEBFFF00D24D9C /* PreferenceViewController.swift */,
				D6E641DE25DA9F5500262B13 /* CustomViews */,
				D60EFBB425D4F13F003931BB /* ViewModel */,
			);
			path = Preference;
			sourceTree = "<group>";
		};
		D6DF3B6A25CECF0300D24D9C /* Home */ = {
			isa = PBXGroup;
			children = (
				D6EBE34525CE45E500498A04 /* HomeViewController.swift */,
				D63FDA4B25E14D92000929C0 /* Helper */,
				D60EFBB625D4F146003931BB /* ViewModel */,
				D6E641E225DA9F8500262B13 /* NewsView */,
			);
			path = Home;
			sourceTree = "<group>";
		};
		D6E641DE25DA9F5500262B13 /* CustomViews */ = {
			isa = PBXGroup;
			children = (
				D6E641DB25DA9C1C00262B13 /* PreferenceHelpView.swift */,
				D6DF3B6F25CECF3400D24D9C /* ConnectionListView.swift */,
				D6DF3B6C25CECF2300D24D9C /* FormFieldView.swift */,
			);
			path = CustomViews;
			sourceTree = "<group>";
		};
		D6E641E225DA9F8500262B13 /* NewsView */ = {
			isa = PBXGroup;
			children = (
				D66C0CD725DA887500818063 /* NewsView.swift */,
				D66C0CDA25DA891000818063 /* NewsViewModel.swift */,
			);
			path = NewsView;
			sourceTree = "<group>";
		};
		D6EBE34E25CE497600498A04 /* Utility */ = {
			isa = PBXGroup;
			children = (
				CEDB2CDD2AE27042004B3711 /* Rsync */,
				D6148CCE25D6EAE3003F99CC /* Extensions */,
				D64A1C7D25D40E96009B8BB2 /* Constants.swift */,
				D6A0F99225DDFDF800DBD5B0 /* ImageView.swift */,
				D67B060325CE83520021C8C9 /* Utility.swift */,
				D65FBD2A265D181300CC0610 /* AsyncOperation.swift */,
				D6EBE34B25CE497000498A04 /* Storage.swift */,
				D6E3076225CE99D000806F0C /* FolderAccess.swift */,
				D60EFBC225D54965003931BB /* SiteConnectionOperation.swift */,
				D64FB0B425F1F3760026473F /* Validation.swift */,
				CEDB2D6E2AEA8654004B3711 /* Logger.swift */,
			);
			path = Utility;
			sourceTree = "<group>";
		};
		D6F2084B25C94475005DAC78 = {
			isa = PBXGroup;
			children = (
				D6F2085625C94475005DAC78 /* SvijaSync */,
				D6F2085525C94475005DAC78 /* Products */,
				D66B288F25D694B500A2ACF8 /* Frameworks */,
			);
			sourceTree = "<group>";
		};
		D6F2085525C94475005DAC78 /* Products */ = {
			isa = PBXGroup;
			children = (
				D6F2085425C94475005DAC78 /* Svija Sync.app */,
				AACAFF0A26E10ED300511FF2 /* Svija Sync Direct.app */,
				AA92C6FB2716C456008BD343 /* Svija Sync Beta.app */,
				AA38685B2A306F3200C134B8 /* Svija Sync Demo.app */,
			);
			name = Products;
			sourceTree = "<group>";
		};
		D6F2085625C94475005DAC78 /* SvijaSync */ = {
			isa = PBXGroup;
			children = (
				D6F2085725C94475005DAC78 /* AppDelegate.swift */,
				D6DF3B6A25CECF0300D24D9C /* Home */,
				D6DF3B6625CECEE100D24D9C /* Preference */,
				D6EBE34E25CE497600498A04 /* Utility */,
				D60EFBA125D4EE80003931BB /* Strings */,
				CEDB2D832AEBDAFB004B3711 /* Plist */,
				D6F2085D25C9447A005DAC78 /* Main.storyboard */,
				D6B5EBE425E4B61900717561 /* Credits.html */,
				D6F2085B25C9447A005DAC78 /* Assets.xcassets */,
				D6F2086125C9447A005DAC78 /* SvijaSync.entitlements */,
			);
			path = SvijaSync;
			sourceTree = "<group>";
		};
/* End PBXGroup section */

/* Begin PBXNativeTarget section */
		AA38682B2A306F3200C134B8 /* Svija Sync Demo */ = {
			isa = PBXNativeTarget;
			buildConfigurationList = AA3868582A306F3200C134B8 /* Build configuration list for PBXNativeTarget "Svija Sync Demo" */;
			buildPhases = (
				AA38682E2A306F3200C134B8 /* Sources */,
				AA38684F2A306F3200C134B8 /* Frameworks */,
				AA3868522A306F3200C134B8 /* Resources */,
				AA3868572A306F3200C134B8 /* ShellScript */,
			);
			buildRules = (
			);
			dependencies = (
			);
			name = "Svija Sync Demo";
			packageProductDependencies = (
				AA38682C2A306F3200C134B8 /* Rsync */,
			);
			productName = SvijaSync;
			productReference = AA38685B2A306F3200C134B8 /* Svija Sync Demo.app */;
			productType = "com.apple.product-type.application";
		};
		AA92C6CB2716C456008BD343 /* Svija Sync Beta */ = {
			isa = PBXNativeTarget;
			buildConfigurationList = AA92C6F82716C456008BD343 /* Build configuration list for PBXNativeTarget "Svija Sync Beta" */;
			buildPhases = (
				AA92C6CE2716C456008BD343 /* Sources */,
				AA92C6EF2716C456008BD343 /* Frameworks */,
				AA92C6F22716C456008BD343 /* Resources */,
				AA92C6F72716C456008BD343 /* ShellScript */,
			);
			buildRules = (
			);
			dependencies = (
			);
			name = "Svija Sync Beta";
			packageProductDependencies = (
			);
			productName = SvijaSync;
			productReference = AA92C6FB2716C456008BD343 /* Svija Sync Beta.app */;
			productType = "com.apple.product-type.application";
		};
		AACAFEDA26E10ED300511FF2 /* Svija Sync Direct */ = {
			isa = PBXNativeTarget;
			buildConfigurationList = AACAFF0726E10ED300511FF2 /* Build configuration list for PBXNativeTarget "Svija Sync Direct" */;
			buildPhases = (
				AACAFEDD26E10ED300511FF2 /* Sources */,
				AACAFEFE26E10ED300511FF2 /* Frameworks */,
				AACAFF0126E10ED300511FF2 /* Resources */,
				AACAFF0626E10ED300511FF2 /* ShellScript */,
				CEDB2D192AE28F60004B3711 /* CopyFiles */,
			);
			buildRules = (
			);
			dependencies = (
			);
			name = "Svija Sync Direct";
			packageProductDependencies = (
				CEDB2D212AE29086004B3711 /* SwiftyBeaver */,
			);
			productName = SvijaSync;
			productReference = AACAFF0A26E10ED300511FF2 /* Svija Sync Direct.app */;
			productType = "com.apple.product-type.application";
		};
		D6F2085325C94475005DAC78 /* Svija Sync */ = {
			isa = PBXNativeTarget;
			buildConfigurationList = D6F2086425C9447A005DAC78 /* Build configuration list for PBXNativeTarget "Svija Sync" */;
			buildPhases = (
				D6F2085025C94475005DAC78 /* Sources */,
				D6F2085125C94475005DAC78 /* Frameworks */,
				D6F2085225C94475005DAC78 /* Resources */,
				D60EFBAF25D4EFFA003931BB /* ShellScript */,
				CEDB2D0E2AE27A92004B3711 /* CopyFiles */,
			);
			buildRules = (
			);
			dependencies = (
			);
			name = "Svija Sync";
			packageProductDependencies = (
				CEDB2D112AE28258004B3711 /* SwiftyBeaver */,
			);
			productName = SvijaSync;
			productReference = D6F2085425C94475005DAC78 /* Svija Sync.app */;
			productType = "com.apple.product-type.application";
		};
/* End PBXNativeTarget section */

/* Begin PBXProject section */
		D6F2084C25C94475005DAC78 /* Project object */ = {
			isa = PBXProject;
			attributes = {
				LastSwiftUpdateCheck = 1430;
				LastUpgradeCheck = 1230;
				TargetAttributes = {
					D6F2085325C94475005DAC78 = {
						CreatedOnToolsVersion = 12.3;
					};
				};
			};
			buildConfigurationList = D6F2084F25C94475005DAC78 /* Build configuration list for PBXProject "SvijaSync" */;
			compatibilityVersion = "Xcode 9.3";
			developmentRegion = en;
			hasScannedForEncodings = 0;
			knownRegions = (
				en,
				Base,
				fr,
			);
			mainGroup = D6F2084B25C94475005DAC78;
			packageReferences = (
				CEDB2D102AE28151004B3711 /* XCRemoteSwiftPackageReference "SwiftyBeaver" */,
			);
			productRefGroup = D6F2085525C94475005DAC78 /* Products */;
			projectDirPath = "";
			projectRoot = "";
			targets = (
				D6F2085325C94475005DAC78 /* Svija Sync */,
				AACAFEDA26E10ED300511FF2 /* Svija Sync Direct */,
				AA92C6CB2716C456008BD343 /* Svija Sync Beta */,
				AA38682B2A306F3200C134B8 /* Svija Sync Demo */,
			);
		};
/* End PBXProject section */

/* Begin PBXResourcesBuildPhase section */
		AA3868522A306F3200C134B8 /* Resources */ = {
			isa = PBXResourcesBuildPhase;
			buildActionMask = 2147483647;
			files = (
				CEDB2D092AE27042004B3711 /* version.sh in Resources */,
				AA3868532A306F3200C134B8 /* Assets.xcassets in Resources */,
				CEDB2D802AEBD74E004B3711 /* Localizable.strings in Resources */,
				CEDB2D0D2AE27042004B3711 /* download.sh in Resources */,
				CEDB2D012AE27042004B3711 /* last-owner.sh in Resources */,
				AA3868542A306F3200C134B8 /* Credits.html in Resources */,
				CEAEB9642AF69D7300AAC1F3 /* rsync in Resources */,
				CEDB2CFD2AE27042004B3711 /* check-connection.sh in Resources */,
				AA3868562A306F3200C134B8 /* Main.storyboard in Resources */,
				CEDB2D052AE27042004B3711 /* upload.sh in Resources */,
			);
			runOnlyForDeploymentPostprocessing = 0;
		};
		AA92C6F22716C456008BD343 /* Resources */ = {
			isa = PBXResourcesBuildPhase;
			buildActionMask = 2147483647;
			files = (
				CEDB2D082AE27042004B3711 /* version.sh in Resources */,
				AA92C6F32716C456008BD343 /* Assets.xcassets in Resources */,
				CEDB2D7F2AEBD74E004B3711 /* Localizable.strings in Resources */,
				CEDB2D0C2AE27042004B3711 /* download.sh in Resources */,
				CEDB2D002AE27042004B3711 /* last-owner.sh in Resources */,
				AA92C6F42716C456008BD343 /* Credits.html in Resources */,
				CEAEB9632AF69D7300AAC1F3 /* rsync in Resources */,
				CEDB2CFC2AE27042004B3711 /* check-connection.sh in Resources */,
				AA92C6F62716C456008BD343 /* Main.storyboard in Resources */,
				CEDB2D042AE27042004B3711 /* upload.sh in Resources */,
			);
			runOnlyForDeploymentPostprocessing = 0;
		};
		AACAFF0126E10ED300511FF2 /* Resources */ = {
			isa = PBXResourcesBuildPhase;
			buildActionMask = 2147483647;
			files = (
				CEAEB9622AF69D7300AAC1F3 /* rsync in Resources */,
				CEDB2D7E2AEBD74D004B3711 /* Localizable.strings in Resources */,
				CEDB2D072AE27042004B3711 /* version.sh in Resources */,
				AACAFF0226E10ED300511FF2 /* Assets.xcassets in Resources */,
				CEDB2D0B2AE27042004B3711 /* download.sh in Resources */,
				CEDB2CFF2AE27042004B3711 /* last-owner.sh in Resources */,
				AACAFF0326E10ED300511FF2 /* Credits.html in Resources */,
				CEDB2CFB2AE27042004B3711 /* check-connection.sh in Resources */,
				AACAFF0526E10ED300511FF2 /* Main.storyboard in Resources */,
				CEDB2D032AE27042004B3711 /* upload.sh in Resources */,
			);
			runOnlyForDeploymentPostprocessing = 0;
		};
		D6F2085225C94475005DAC78 /* Resources */ = {
			isa = PBXResourcesBuildPhase;
			buildActionMask = 2147483647;
			files = (
				CEDB2D062AE27042004B3711 /* version.sh in Resources */,
				D6F2085C25C9447A005DAC78 /* Assets.xcassets in Resources */,
				CEDB2D7D2AEBD74D004B3711 /* Localizable.strings in Resources */,
				CEDB2D0A2AE27042004B3711 /* download.sh in Resources */,
				CEDB2CFE2AE27042004B3711 /* last-owner.sh in Resources */,
				D6B5EBE525E4B61900717561 /* Credits.html in Resources */,
				CEAEB9612AF69D7300AAC1F3 /* rsync in Resources */,
				CEDB2CFA2AE27042004B3711 /* check-connection.sh in Resources */,
				D6F2085F25C9447A005DAC78 /* Main.storyboard in Resources */,
				CEDB2D022AE27042004B3711 /* upload.sh in Resources */,
			);
			runOnlyForDeploymentPostprocessing = 0;
		};
/* End PBXResourcesBuildPhase section */

/* Begin PBXShellScriptBuildPhase section */
		AA3868572A306F3200C134B8 /* ShellScript */ = {
			isa = PBXShellScriptBuildPhase;
			buildActionMask = 2147483647;
			files = (
			);
			inputFileListPaths = (
			);
			inputPaths = (
			);
			outputFileListPaths = (
			);
			outputPaths = (
			);
			runOnlyForDeploymentPostprocessing = 0;
			shellPath = /bin/sh;
			shellScript = "# Type a script or drag a script file from your workspace to insert its path.\n\"${PROJECT_DIR}/swiftgen/bin/swiftgen\"\n";
		};
		AA92C6F72716C456008BD343 /* ShellScript */ = {
			isa = PBXShellScriptBuildPhase;
			buildActionMask = 2147483647;
			files = (
			);
			inputFileListPaths = (
			);
			inputPaths = (
			);
			outputFileListPaths = (
			);
			outputPaths = (
			);
			runOnlyForDeploymentPostprocessing = 0;
			shellPath = /bin/sh;
			shellScript = "# Type a script or drag a script file from your workspace to insert its path.\n\"${PROJECT_DIR}/swiftgen/bin/swiftgen\"\n";
		};
		AACAFF0626E10ED300511FF2 /* ShellScript */ = {
			isa = PBXShellScriptBuildPhase;
			buildActionMask = 2147483647;
			files = (
			);
			inputFileListPaths = (
			);
			inputPaths = (
			);
			outputFileListPaths = (
			);
			outputPaths = (
			);
			runOnlyForDeploymentPostprocessing = 0;
			shellPath = /bin/sh;
			shellScript = "# Type a script or drag a script file from your workspace to insert its path.\n\"${PROJECT_DIR}/swiftgen/bin/swiftgen\"\n";
		};
		D60EFBAF25D4EFFA003931BB /* ShellScript */ = {
			isa = PBXShellScriptBuildPhase;
			buildActionMask = 2147483647;
			files = (
			);
			inputFileListPaths = (
			);
			inputPaths = (
			);
			outputFileListPaths = (
			);
			outputPaths = (
			);
			runOnlyForDeploymentPostprocessing = 0;
			shellPath = /bin/sh;
			shellScript = "# Type a script or drag a script file from your workspace to insert its path.\n\"${PROJECT_DIR}/swiftgen/bin/swiftgen\"\n";
		};
/* End PBXShellScriptBuildPhase section */

/* Begin PBXSourcesBuildPhase section */
		AA38682E2A306F3200C134B8 /* Sources */ = {
			isa = PBXSourcesBuildPhase;
			buildActionMask = 2147483647;
			files = (
				AA38682F2A306F3200C134B8 /* ImageView.swift in Sources */,
				AA3868302A306F3200C134B8 /* AsyncOperation.swift in Sources */,
				CEDB2CF12AE27042004B3711 /* SiteConnection.swift in Sources */,
				AA3868312A306F3200C134B8 /* FileManagerExtensions.swift in Sources */,
				AA3868322A306F3200C134B8 /* PreferenceViewController.swift in Sources */,
				AA3868332A306F3200C134B8 /* Utility.swift in Sources */,
				AA3868342A306F3200C134B8 /* SiteConnectionExtensions.swift in Sources */,
				AA3868352A306F3200C134B8 /* ConnectionListView.swift in Sources */,
				AA3868362A306F3200C134B8 /* NewsViewModel.swift in Sources */,
				AA3868372A306F3200C134B8 /* HomeSyncStatusHandler.swift in Sources */,
				AA3868382A306F3200C134B8 /* FormFieldView.swift in Sources */,
				AA3868392A306F3200C134B8 /* FolderAccess.swift in Sources */,
				AA38683A2A306F3200C134B8 /* AppDelegate.swift in Sources */,
				AA38683B2A306F3200C134B8 /* NSTextFieldExtension.swift in Sources */,
				AA38683C2A306F3200C134B8 /* CodableExtension.swift in Sources */,
				AA38683D2A306F3200C134B8 /* HomeViewController.swift in Sources */,
				AA38683E2A306F3200C134B8 /* CharacterSetExtensions.swift in Sources */,
				AA38683F2A306F3200C134B8 /* Validation.swift in Sources */,
				AA3868402A306F3200C134B8 /* HomeViewModel.swift in Sources */,
				AA3868412A306F3200C134B8 /* Strings+Generated.swift in Sources */,
				CEDB2CF92AE27042004B3711 /* BashExecuter.swift in Sources */,
				AA3868422A306F3200C134B8 /* NSViewControllerExtensions.swift in Sources */,
				AA3868432A306F3200C134B8 /* NewsView.swift in Sources */,
				AA3868442A306F3200C134B8 /* Storage.swift in Sources */,
				AA3868452A306F3200C134B8 /* NSViewExtensions.swift in Sources */,
				AA3868462A306F3200C134B8 /* UploadStatus.swift in Sources */,
				AA3868472A306F3200C134B8 /* SiteConnectionOperation.swift in Sources */,
				AA3868482A306F3200C134B8 /* Constants.swift in Sources */,
				AA3868492A306F3200C134B8 /* PreferenceViewModel.swift in Sources */,
				AA38684A2A306F3200C134B8 /* PreferenceHelpView.swift in Sources */,
				AA38684B2A306F3200C134B8 /* HomeUploadHandler.swift in Sources */,
				CEDB2D722AEA8654004B3711 /* Logger.swift in Sources */,
				CEDB2CED2AE27042004B3711 /* RsyncManager.swift in Sources */,
				AA38684C2A306F3200C134B8 /* TimeIntervalExtensions.swift in Sources */,
				AA38684D2A306F3200C134B8 /* DateExtensions.swift in Sources */,
				AA38684E2A306F3200C134B8 /* HomeDownloadHandler.swift in Sources */,
			);
			runOnlyForDeploymentPostprocessing = 0;
		};
		AA92C6CE2716C456008BD343 /* Sources */ = {
			isa = PBXSourcesBuildPhase;
			buildActionMask = 2147483647;
			files = (
				AA92C6CF2716C456008BD343 /* ImageView.swift in Sources */,
				AA92C6D02716C456008BD343 /* AsyncOperation.swift in Sources */,
				CEDB2CF02AE27042004B3711 /* SiteConnection.swift in Sources */,
				AA92C6D12716C456008BD343 /* FileManagerExtensions.swift in Sources */,
				AA92C6D22716C456008BD343 /* PreferenceViewController.swift in Sources */,
				AA92C6D32716C456008BD343 /* Utility.swift in Sources */,
				AA92C6D42716C456008BD343 /* SiteConnectionExtensions.swift in Sources */,
				AA92C6D52716C456008BD343 /* ConnectionListView.swift in Sources */,
				AA92C6D62716C456008BD343 /* NewsViewModel.swift in Sources */,
				AA92C6D72716C456008BD343 /* HomeSyncStatusHandler.swift in Sources */,
				AA92C6D82716C456008BD343 /* FormFieldView.swift in Sources */,
				AA92C6D92716C456008BD343 /* FolderAccess.swift in Sources */,
				AA92C6DA2716C456008BD343 /* AppDelegate.swift in Sources */,
				AA92C6DB2716C456008BD343 /* NSTextFieldExtension.swift in Sources */,
				AA92C6DC2716C456008BD343 /* CodableExtension.swift in Sources */,
				AA92C6DD2716C456008BD343 /* HomeViewController.swift in Sources */,
				AA92C6DE2716C456008BD343 /* CharacterSetExtensions.swift in Sources */,
				AA92C6DF2716C456008BD343 /* Validation.swift in Sources */,
				AA92C6E02716C456008BD343 /* HomeViewModel.swift in Sources */,
				AA92C6E12716C456008BD343 /* Strings+Generated.swift in Sources */,
				CEDB2CF82AE27042004B3711 /* BashExecuter.swift in Sources */,
				AA92C6E22716C456008BD343 /* NSViewControllerExtensions.swift in Sources */,
				AA92C6E32716C456008BD343 /* NewsView.swift in Sources */,
				AA92C6E42716C456008BD343 /* Storage.swift in Sources */,
				AA92C6E52716C456008BD343 /* NSViewExtensions.swift in Sources */,
				AA92C6E62716C456008BD343 /* UploadStatus.swift in Sources */,
				AA92C6E72716C456008BD343 /* SiteConnectionOperation.swift in Sources */,
				AA92C6E82716C456008BD343 /* Constants.swift in Sources */,
				AA92C6E92716C456008BD343 /* PreferenceViewModel.swift in Sources */,
				AA92C6EA2716C456008BD343 /* PreferenceHelpView.swift in Sources */,
				AA92C6EB2716C456008BD343 /* HomeUploadHandler.swift in Sources */,
				CEDB2D712AEA8654004B3711 /* Logger.swift in Sources */,
				CEDB2CEC2AE27042004B3711 /* RsyncManager.swift in Sources */,
				AA92C6EC2716C456008BD343 /* TimeIntervalExtensions.swift in Sources */,
				AA92C6ED2716C456008BD343 /* DateExtensions.swift in Sources */,
				AA92C6EE2716C456008BD343 /* HomeDownloadHandler.swift in Sources */,
			);
			runOnlyForDeploymentPostprocessing = 0;
		};
		AACAFEDD26E10ED300511FF2 /* Sources */ = {
			isa = PBXSourcesBuildPhase;
			buildActionMask = 2147483647;
			files = (
				AACAFEDE26E10ED300511FF2 /* ImageView.swift in Sources */,
				AACAFEDF26E10ED300511FF2 /* AsyncOperation.swift in Sources */,
				CEDB2CEF2AE27042004B3711 /* SiteConnection.swift in Sources */,
				AACAFEE026E10ED300511FF2 /* FileManagerExtensions.swift in Sources */,
				AACAFEE126E10ED300511FF2 /* PreferenceViewController.swift in Sources */,
				AACAFEE226E10ED300511FF2 /* Utility.swift in Sources */,
				AACAFEE326E10ED300511FF2 /* SiteConnectionExtensions.swift in Sources */,
				AACAFEE426E10ED300511FF2 /* ConnectionListView.swift in Sources */,
				AACAFEE526E10ED300511FF2 /* NewsViewModel.swift in Sources */,
				AACAFEE626E10ED300511FF2 /* HomeSyncStatusHandler.swift in Sources */,
				AACAFEE726E10ED300511FF2 /* FormFieldView.swift in Sources */,
				AACAFEE826E10ED300511FF2 /* FolderAccess.swift in Sources */,
				AACAFEE926E10ED300511FF2 /* AppDelegate.swift in Sources */,
				AACAFEEA26E10ED300511FF2 /* NSTextFieldExtension.swift in Sources */,
				AACAFEEB26E10ED300511FF2 /* CodableExtension.swift in Sources */,
				AACAFEEC26E10ED300511FF2 /* HomeViewController.swift in Sources */,
				AACAFEED26E10ED300511FF2 /* CharacterSetExtensions.swift in Sources */,
				AACAFEEE26E10ED300511FF2 /* Validation.swift in Sources */,
				AACAFEEF26E10ED300511FF2 /* HomeViewModel.swift in Sources */,
				AACAFEF026E10ED300511FF2 /* Strings+Generated.swift in Sources */,
				CEDB2CF72AE27042004B3711 /* BashExecuter.swift in Sources */,
				AACAFEF126E10ED300511FF2 /* NSViewControllerExtensions.swift in Sources */,
				AACAFEF226E10ED300511FF2 /* NewsView.swift in Sources */,
				AACAFEF326E10ED300511FF2 /* Storage.swift in Sources */,
				AACAFEF426E10ED300511FF2 /* NSViewExtensions.swift in Sources */,
				AACAFEF526E10ED300511FF2 /* UploadStatus.swift in Sources */,
				AACAFEF626E10ED300511FF2 /* SiteConnectionOperation.swift in Sources */,
				AACAFEF726E10ED300511FF2 /* Constants.swift in Sources */,
				AACAFEF826E10ED300511FF2 /* PreferenceViewModel.swift in Sources */,
				AACAFEF926E10ED300511FF2 /* PreferenceHelpView.swift in Sources */,
				AACAFEFA26E10ED300511FF2 /* HomeUploadHandler.swift in Sources */,
				CEDB2D702AEA8654004B3711 /* Logger.swift in Sources */,
				CEDB2CEB2AE27042004B3711 /* RsyncManager.swift in Sources */,
				AACAFEFB26E10ED300511FF2 /* TimeIntervalExtensions.swift in Sources */,
				AACAFEFC26E10ED300511FF2 /* DateExtensions.swift in Sources */,
				AACAFEFD26E10ED300511FF2 /* HomeDownloadHandler.swift in Sources */,
			);
			runOnlyForDeploymentPostprocessing = 0;
		};
		D6F2085025C94475005DAC78 /* Sources */ = {
			isa = PBXSourcesBuildPhase;
			buildActionMask = 2147483647;
			files = (
				D6A0F99325DDFDF800DBD5B0 /* ImageView.swift in Sources */,
				D65FBD2B265D181300CC0610 /* AsyncOperation.swift in Sources */,
				CEDB2CEE2AE27042004B3711 /* SiteConnection.swift in Sources */,
				D6E641E525DA9FAB00262B13 /* FileManagerExtensions.swift in Sources */,
				D6DF3B6225CEBFFF00D24D9C /* PreferenceViewController.swift in Sources */,
				D67B060425CE83520021C8C9 /* Utility.swift in Sources */,
				D60EFBB925D4F1CB003931BB /* SiteConnectionExtensions.swift in Sources */,
				D6DF3B7025CECF3400D24D9C /* ConnectionListView.swift in Sources */,
				D66C0CDB25DA891000818063 /* NewsViewModel.swift in Sources */,
				D63A4C7325DC093600C3B9BF /* HomeSyncStatusHandler.swift in Sources */,
				D6DF3B6D25CECF2300D24D9C /* FormFieldView.swift in Sources */,
				D6E3076325CE99D000806F0C /* FolderAccess.swift in Sources */,
				D6F2085825C94475005DAC78 /* AppDelegate.swift in Sources */,
				D64A1C8125D40FF9009B8BB2 /* NSTextFieldExtension.swift in Sources */,
				D64A1C8425D41270009B8BB2 /* CodableExtension.swift in Sources */,
				D6EBE34625CE45E500498A04 /* HomeViewController.swift in Sources */,
				D64FB0B225F1F3450026473F /* CharacterSetExtensions.swift in Sources */,
				D64FB0B525F1F3760026473F /* Validation.swift in Sources */,
				D69C997B25CED7D900642A55 /* HomeViewModel.swift in Sources */,
				D60EFBB225D4F042003931BB /* Strings+Generated.swift in Sources */,
				CEDB2CF62AE27042004B3711 /* BashExecuter.swift in Sources */,
				D67DC75B25D6453C00FE3DDB /* NSViewControllerExtensions.swift in Sources */,
				D66C0CD825DA887500818063 /* NewsView.swift in Sources */,
				D6EBE34C25CE497000498A04 /* Storage.swift in Sources */,
				D67DC75825D644E600FE3DDB /* NSViewExtensions.swift in Sources */,
				D6AE0E15265A652D0038DFAE /* UploadStatus.swift in Sources */,
				D60EFBC325D54965003931BB /* SiteConnectionOperation.swift in Sources */,
				D64A1C7E25D40E96009B8BB2 /* Constants.swift in Sources */,
				D69C997825CED49300642A55 /* PreferenceViewModel.swift in Sources */,
				D6E641DC25DA9C1C00262B13 /* PreferenceHelpView.swift in Sources */,
				D63FDA4525E1443F000929C0 /* HomeUploadHandler.swift in Sources */,
				CEDB2D6F2AEA8654004B3711 /* Logger.swift in Sources */,
				CEDB2CEA2AE27042004B3711 /* RsyncManager.swift in Sources */,
				D60EFBBC25D4FA69003931BB /* TimeIntervalExtensions.swift in Sources */,
				D6A0F99725DEADDA00DBD5B0 /* DateExtensions.swift in Sources */,
				D63FDA4825E1444E000929C0 /* HomeDownloadHandler.swift in Sources */,
			);
			runOnlyForDeploymentPostprocessing = 0;
		};
/* End PBXSourcesBuildPhase section */

/* Begin PBXVariantGroup section */
		D60EFBAB25D4EED7003931BB /* Localizable.strings */ = {
			isa = PBXVariantGroup;
			children = (
				D60EFBAA25D4EED7003931BB /* en */,
				D60EFBAD25D4EF36003931BB /* fr */,
			);
			name = Localizable.strings;
			sourceTree = "<group>";
		};
		D6F2085D25C9447A005DAC78 /* Main.storyboard */ = {
			isa = PBXVariantGroup;
			children = (
				D6F2085E25C9447A005DAC78 /* Base */,
			);
			name = Main.storyboard;
			sourceTree = "<group>";
		};
/* End PBXVariantGroup section */

/* Begin XCBuildConfiguration section */
		AA3868592A306F3200C134B8 /* Debug */ = {
			isa = XCBuildConfiguration;
			buildSettings = {
				ASSETCATALOG_COMPILER_APPICON_NAME = AppIcon;
				ASSETCATALOG_COMPILER_GLOBAL_ACCENT_COLOR_NAME = AccentColor;
				CODE_SIGN_ENTITLEMENTS = SvijaSync/SvijaSync.entitlements;
				CODE_SIGN_IDENTITY = "Apple Development";
				CODE_SIGN_STYLE = Automatic;
				COMBINE_HIDPI_IMAGES = YES;
				CURRENT_PROJECT_VERSION = 1;
				DEVELOPMENT_TEAM = Z66QVF9XBZ;
				ENABLE_HARDENED_RUNTIME = YES;
				INFOPLIST_FILE = "SvijaSync/Plist/Info-Demo.plist";
				INFOPLIST_KEY_CFBundleDisplayName = "Svija Sync";
				LD_RUNPATH_SEARCH_PATHS = (
					"$(inherited)",
					"@executable_path/../Frameworks",
				);
				MACOSX_DEPLOYMENT_TARGET = 10.15;
				MARKETING_VERSION = 1.0.7;
				PRODUCT_BUNDLE_IDENTIFIER = love.svija.svijasyncdemo;
				PRODUCT_NAME = "$(TARGET_NAME)";
				PROVISIONING_PROFILE_SPECIFIER = "";
				SWIFT_VERSION = 5.0;
			};
			name = Debug;
		};
		AA38685A2A306F3200C134B8 /* Release */ = {
			isa = XCBuildConfiguration;
			buildSettings = {
				ASSETCATALOG_COMPILER_APPICON_NAME = AppIcon;
				ASSETCATALOG_COMPILER_GLOBAL_ACCENT_COLOR_NAME = AccentColor;
				CODE_SIGN_ENTITLEMENTS = SvijaSync/SvijaSync.entitlements;
				CODE_SIGN_IDENTITY = "Apple Development";
				CODE_SIGN_STYLE = Automatic;
				COMBINE_HIDPI_IMAGES = YES;
				CURRENT_PROJECT_VERSION = 1;
				DEVELOPMENT_TEAM = Z66QVF9XBZ;
				ENABLE_HARDENED_RUNTIME = YES;
				INFOPLIST_FILE = "SvijaSync/Plist/Info-Demo.plist";
				INFOPLIST_KEY_CFBundleDisplayName = "Svija Sync";
				LD_RUNPATH_SEARCH_PATHS = (
					"$(inherited)",
					"@executable_path/../Frameworks",
				);
				MACOSX_DEPLOYMENT_TARGET = 10.15;
				MARKETING_VERSION = 1.0.7;
				PRODUCT_BUNDLE_IDENTIFIER = love.svija.svijasyncdemo;
				PRODUCT_NAME = "$(TARGET_NAME)";
				PROVISIONING_PROFILE_SPECIFIER = "";
				SWIFT_VERSION = 5.0;
			};
			name = Release;
		};
		AA92C6F92716C456008BD343 /* Debug */ = {
			isa = XCBuildConfiguration;
			buildSettings = {
				ASSETCATALOG_COMPILER_APPICON_NAME = AppIcon;
				ASSETCATALOG_COMPILER_GLOBAL_ACCENT_COLOR_NAME = AccentColor;
				CODE_SIGN_ENTITLEMENTS = SvijaSync/SvijaSync.entitlements;
				CODE_SIGN_IDENTITY = "Apple Development";
				CODE_SIGN_STYLE = Automatic;
				COMBINE_HIDPI_IMAGES = YES;
				CURRENT_PROJECT_VERSION = 1;
				DEVELOPMENT_TEAM = Z66QVF9XBZ;
				ENABLE_HARDENED_RUNTIME = YES;
				INFOPLIST_FILE = "SvijaSync/Plist/Info-Beta.plist";
				LD_RUNPATH_SEARCH_PATHS = (
					"$(inherited)",
					"@executable_path/../Frameworks",
				);
				MACOSX_DEPLOYMENT_TARGET = 10.15;
				MARKETING_VERSION = 1.0.7;
				PRODUCT_BUNDLE_IDENTIFIER = love.svija.svijasyncbeta;
				PRODUCT_NAME = "$(TARGET_NAME)";
				PROVISIONING_PROFILE_SPECIFIER = "";
				SWIFT_VERSION = 5.0;
			};
			name = Debug;
		};
		AA92C6FA2716C456008BD343 /* Release */ = {
			isa = XCBuildConfiguration;
			buildSettings = {
				ASSETCATALOG_COMPILER_APPICON_NAME = AppIcon;
				ASSETCATALOG_COMPILER_GLOBAL_ACCENT_COLOR_NAME = AccentColor;
				CODE_SIGN_ENTITLEMENTS = SvijaSync/SvijaSync.entitlements;
				CODE_SIGN_IDENTITY = "Apple Development";
				CODE_SIGN_STYLE = Automatic;
				COMBINE_HIDPI_IMAGES = YES;
				CURRENT_PROJECT_VERSION = 1;
				DEVELOPMENT_TEAM = Z66QVF9XBZ;
				ENABLE_HARDENED_RUNTIME = YES;
				INFOPLIST_FILE = "SvijaSync/Plist/Info-Beta.plist";
				LD_RUNPATH_SEARCH_PATHS = (
					"$(inherited)",
					"@executable_path/../Frameworks",
				);
				MACOSX_DEPLOYMENT_TARGET = 10.15;
				MARKETING_VERSION = 1.0.7;
				PRODUCT_BUNDLE_IDENTIFIER = love.svija.svijasyncbeta;
				PRODUCT_NAME = "$(TARGET_NAME)";
				PROVISIONING_PROFILE_SPECIFIER = "";
				SWIFT_VERSION = 5.0;
			};
			name = Release;
		};
		AACAFF0826E10ED300511FF2 /* Debug */ = {
			isa = XCBuildConfiguration;
			buildSettings = {
				ASSETCATALOG_COMPILER_APPICON_NAME = AppIcon;
				ASSETCATALOG_COMPILER_GLOBAL_ACCENT_COLOR_NAME = AccentColor;
				CODE_SIGN_ENTITLEMENTS = SvijaSync/SvijaSync.entitlements;
				CODE_SIGN_IDENTITY = "Apple Development";
				CODE_SIGN_STYLE = Automatic;
				COMBINE_HIDPI_IMAGES = YES;
				CURRENT_PROJECT_VERSION = 1;
				DEVELOPMENT_TEAM = Z66QVF9XBZ;
				ENABLE_HARDENED_RUNTIME = YES;
				INFOPLIST_FILE = "SvijaSync/Plist/Info-Direct.plist";
				LD_RUNPATH_SEARCH_PATHS = (
					"$(inherited)",
					"@executable_path/../Frameworks",
				);
				MACOSX_DEPLOYMENT_TARGET = 10.15;
				MARKETING_VERSION = 1.0.7;
				PRODUCT_BUNDLE_IDENTIFIER = love.svija.svijasyncdirect;
				PRODUCT_NAME = "$(TARGET_NAME)";
				PROVISIONING_PROFILE_SPECIFIER = "";
				SWIFT_VERSION = 5.0;
			};
			name = Debug;
		};
		AACAFF0926E10ED300511FF2 /* Release */ = {
			isa = XCBuildConfiguration;
			buildSettings = {
				ASSETCATALOG_COMPILER_APPICON_NAME = AppIcon;
				ASSETCATALOG_COMPILER_GLOBAL_ACCENT_COLOR_NAME = AccentColor;
				CODE_SIGN_ENTITLEMENTS = SvijaSync/SvijaSync.entitlements;
				CODE_SIGN_IDENTITY = "Apple Development";
				CODE_SIGN_STYLE = Automatic;
				COMBINE_HIDPI_IMAGES = YES;
				CURRENT_PROJECT_VERSION = 1;
				DEVELOPMENT_TEAM = Z66QVF9XBZ;
				ENABLE_HARDENED_RUNTIME = YES;
				INFOPLIST_FILE = "SvijaSync/Plist/Info-Direct.plist";
				LD_RUNPATH_SEARCH_PATHS = (
					"$(inherited)",
					"@executable_path/../Frameworks",
				);
				MACOSX_DEPLOYMENT_TARGET = 10.15;
				MARKETING_VERSION = 1.0.7;
				PRODUCT_BUNDLE_IDENTIFIER = love.svija.svijasyncdirect;
				PRODUCT_NAME = "$(TARGET_NAME)";
				PROVISIONING_PROFILE_SPECIFIER = "";
				SWIFT_VERSION = 5.0;
			};
			name = Release;
		};
		D6F2086225C9447A005DAC78 /* Debug */ = {
			isa = XCBuildConfiguration;
			buildSettings = {
				ALWAYS_SEARCH_USER_PATHS = NO;
				CLANG_ANALYZER_LOCALIZABILITY_NONLOCALIZED = YES;
				CLANG_ANALYZER_NONNULL = YES;
				CLANG_ANALYZER_NUMBER_OBJECT_CONVERSION = YES_AGGRESSIVE;
				CLANG_CXX_LANGUAGE_STANDARD = "gnu++14";
				CLANG_CXX_LIBRARY = "libc++";
				CLANG_ENABLE_MODULES = YES;
				CLANG_ENABLE_OBJC_ARC = YES;
				CLANG_ENABLE_OBJC_WEAK = YES;
				CLANG_WARN_BLOCK_CAPTURE_AUTORELEASING = YES;
				CLANG_WARN_BOOL_CONVERSION = YES;
				CLANG_WARN_COMMA = YES;
				CLANG_WARN_CONSTANT_CONVERSION = YES;
				CLANG_WARN_DEPRECATED_OBJC_IMPLEMENTATIONS = YES;
				CLANG_WARN_DIRECT_OBJC_ISA_USAGE = YES_ERROR;
				CLANG_WARN_DOCUMENTATION_COMMENTS = YES;
				CLANG_WARN_EMPTY_BODY = YES;
				CLANG_WARN_ENUM_CONVERSION = YES;
				CLANG_WARN_INFINITE_RECURSION = YES;
				CLANG_WARN_INT_CONVERSION = YES;
				CLANG_WARN_NON_LITERAL_NULL_CONVERSION = YES;
				CLANG_WARN_OBJC_IMPLICIT_RETAIN_SELF = YES;
				CLANG_WARN_OBJC_LITERAL_CONVERSION = YES;
				CLANG_WARN_OBJC_ROOT_CLASS = YES_ERROR;
				CLANG_WARN_QUOTED_INCLUDE_IN_FRAMEWORK_HEADER = YES;
				CLANG_WARN_RANGE_LOOP_ANALYSIS = YES;
				CLANG_WARN_STRICT_PROTOTYPES = YES;
				CLANG_WARN_SUSPICIOUS_MOVE = YES;
				CLANG_WARN_UNGUARDED_AVAILABILITY = YES_AGGRESSIVE;
				CLANG_WARN_UNREACHABLE_CODE = YES;
				CLANG_WARN__DUPLICATE_METHOD_MATCH = YES;
				COPY_PHASE_STRIP = NO;
				DEBUG_INFORMATION_FORMAT = dwarf;
				ENABLE_STRICT_OBJC_MSGSEND = YES;
				ENABLE_TESTABILITY = YES;
				GCC_C_LANGUAGE_STANDARD = gnu11;
				GCC_DYNAMIC_NO_PIC = NO;
				GCC_NO_COMMON_BLOCKS = YES;
				GCC_OPTIMIZATION_LEVEL = 0;
				GCC_PREPROCESSOR_DEFINITIONS = (
					"DEBUG=1",
					"$(inherited)",
				);
				GCC_WARN_64_TO_32_BIT_CONVERSION = YES;
				GCC_WARN_ABOUT_RETURN_TYPE = YES_ERROR;
				GCC_WARN_UNDECLARED_SELECTOR = YES;
				GCC_WARN_UNINITIALIZED_AUTOS = YES_AGGRESSIVE;
				GCC_WARN_UNUSED_FUNCTION = YES;
				GCC_WARN_UNUSED_VARIABLE = YES;
				MACOSX_DEPLOYMENT_TARGET = 10.15;
				MTL_ENABLE_DEBUG_INFO = INCLUDE_SOURCE;
				MTL_FAST_MATH = YES;
				ONLY_ACTIVE_ARCH = YES;
				SDKROOT = macosx;
				SWIFT_ACTIVE_COMPILATION_CONDITIONS = DEBUG;
				SWIFT_OPTIMIZATION_LEVEL = "-Onone";
			};
			name = Debug;
		};
		D6F2086325C9447A005DAC78 /* Release */ = {
			isa = XCBuildConfiguration;
			buildSettings = {
				ALWAYS_SEARCH_USER_PATHS = NO;
				CLANG_ANALYZER_LOCALIZABILITY_NONLOCALIZED = YES;
				CLANG_ANALYZER_NONNULL = YES;
				CLANG_ANALYZER_NUMBER_OBJECT_CONVERSION = YES_AGGRESSIVE;
				CLANG_CXX_LANGUAGE_STANDARD = "gnu++14";
				CLANG_CXX_LIBRARY = "libc++";
				CLANG_ENABLE_MODULES = YES;
				CLANG_ENABLE_OBJC_ARC = YES;
				CLANG_ENABLE_OBJC_WEAK = YES;
				CLANG_WARN_BLOCK_CAPTURE_AUTORELEASING = YES;
				CLANG_WARN_BOOL_CONVERSION = YES;
				CLANG_WARN_COMMA = YES;
				CLANG_WARN_CONSTANT_CONVERSION = YES;
				CLANG_WARN_DEPRECATED_OBJC_IMPLEMENTATIONS = YES;
				CLANG_WARN_DIRECT_OBJC_ISA_USAGE = YES_ERROR;
				CLANG_WARN_DOCUMENTATION_COMMENTS = YES;
				CLANG_WARN_EMPTY_BODY = YES;
				CLANG_WARN_ENUM_CONVERSION = YES;
				CLANG_WARN_INFINITE_RECURSION = YES;
				CLANG_WARN_INT_CONVERSION = YES;
				CLANG_WARN_NON_LITERAL_NULL_CONVERSION = YES;
				CLANG_WARN_OBJC_IMPLICIT_RETAIN_SELF = YES;
				CLANG_WARN_OBJC_LITERAL_CONVERSION = YES;
				CLANG_WARN_OBJC_ROOT_CLASS = YES_ERROR;
				CLANG_WARN_QUOTED_INCLUDE_IN_FRAMEWORK_HEADER = YES;
				CLANG_WARN_RANGE_LOOP_ANALYSIS = YES;
				CLANG_WARN_STRICT_PROTOTYPES = YES;
				CLANG_WARN_SUSPICIOUS_MOVE = YES;
				CLANG_WARN_UNGUARDED_AVAILABILITY = YES_AGGRESSIVE;
				CLANG_WARN_UNREACHABLE_CODE = YES;
				CLANG_WARN__DUPLICATE_METHOD_MATCH = YES;
				COPY_PHASE_STRIP = NO;
				DEBUG_INFORMATION_FORMAT = "dwarf-with-dsym";
				ENABLE_NS_ASSERTIONS = NO;
				ENABLE_STRICT_OBJC_MSGSEND = YES;
				GCC_C_LANGUAGE_STANDARD = gnu11;
				GCC_NO_COMMON_BLOCKS = YES;
				GCC_WARN_64_TO_32_BIT_CONVERSION = YES;
				GCC_WARN_ABOUT_RETURN_TYPE = YES_ERROR;
				GCC_WARN_UNDECLARED_SELECTOR = YES;
				GCC_WARN_UNINITIALIZED_AUTOS = YES_AGGRESSIVE;
				GCC_WARN_UNUSED_FUNCTION = YES;
				GCC_WARN_UNUSED_VARIABLE = YES;
				MACOSX_DEPLOYMENT_TARGET = 10.15;
				MTL_ENABLE_DEBUG_INFO = NO;
				MTL_FAST_MATH = YES;
				SDKROOT = macosx;
				SWIFT_COMPILATION_MODE = wholemodule;
				SWIFT_OPTIMIZATION_LEVEL = "-O";
			};
			name = Release;
		};
		D6F2086525C9447A005DAC78 /* Debug */ = {
			isa = XCBuildConfiguration;
			buildSettings = {
				ASSETCATALOG_COMPILER_APPICON_NAME = AppIcon;
				ASSETCATALOG_COMPILER_GLOBAL_ACCENT_COLOR_NAME = AccentColor;
				CODE_SIGN_ENTITLEMENTS = SvijaSync/SvijaSync.entitlements;
				CODE_SIGN_IDENTITY = "Apple Development";
				"CODE_SIGN_IDENTITY[sdk=macosx*]" = "Apple Development";
				CODE_SIGN_STYLE = Automatic;
				COMBINE_HIDPI_IMAGES = YES;
				CREATE_INFOPLIST_SECTION_IN_BINARY = NO;
				CURRENT_PROJECT_VERSION = 25;
				DEVELOPMENT_TEAM = Z66QVF9XBZ;
				ENABLE_HARDENED_RUNTIME = YES;
				INFOPLIST_FILE = SvijaSync/Plist/Info.plist;
				LD_RUNPATH_SEARCH_PATHS = (
					"$(inherited)",
					"@executable_path/../Frameworks",
				);
				MACOSX_DEPLOYMENT_TARGET = 10.15;
				MARKETING_VERSION = 1.0.7;
				PRODUCT_BUNDLE_IDENTIFIER = love.svija.svijasync;
				PRODUCT_NAME = "$(TARGET_NAME)";
				PROVISIONING_PROFILE_SPECIFIER = "";
				SWIFT_VERSION = 5.0;
			};
			name = Debug;
		};
		D6F2086625C9447A005DAC78 /* Release */ = {
			isa = XCBuildConfiguration;
			buildSettings = {
				ASSETCATALOG_COMPILER_APPICON_NAME = AppIcon;
				ASSETCATALOG_COMPILER_GLOBAL_ACCENT_COLOR_NAME = AccentColor;
				CODE_SIGN_ENTITLEMENTS = SvijaSync/SvijaSync.entitlements;
				CODE_SIGN_IDENTITY = "Apple Development";
				"CODE_SIGN_IDENTITY[sdk=macosx*]" = "Apple Development";
				CODE_SIGN_STYLE = Automatic;
				COMBINE_HIDPI_IMAGES = YES;
				CREATE_INFOPLIST_SECTION_IN_BINARY = NO;
				CURRENT_PROJECT_VERSION = 25;
				DEVELOPMENT_TEAM = Z66QVF9XBZ;
				ENABLE_HARDENED_RUNTIME = YES;
				INFOPLIST_FILE = SvijaSync/Plist/Info.plist;
				LD_RUNPATH_SEARCH_PATHS = (
					"$(inherited)",
					"@executable_path/../Frameworks",
				);
				MACOSX_DEPLOYMENT_TARGET = 10.15;
				MARKETING_VERSION = 1.0.7;
				PRODUCT_BUNDLE_IDENTIFIER = love.svija.svijasync;
				PRODUCT_NAME = "$(TARGET_NAME)";
				PROVISIONING_PROFILE_SPECIFIER = "";
				SWIFT_VERSION = 5.0;
			};
			name = Release;
		};
/* End XCBuildConfiguration section */

/* Begin XCConfigurationList section */
		AA3868582A306F3200C134B8 /* Build configuration list for PBXNativeTarget "Svija Sync Demo" */ = {
			isa = XCConfigurationList;
			buildConfigurations = (
				AA3868592A306F3200C134B8 /* Debug */,
				AA38685A2A306F3200C134B8 /* Release */,
			);
			defaultConfigurationIsVisible = 0;
			defaultConfigurationName = Release;
		};
		AA92C6F82716C456008BD343 /* Build configuration list for PBXNativeTarget "Svija Sync Beta" */ = {
			isa = XCConfigurationList;
			buildConfigurations = (
				AA92C6F92716C456008BD343 /* Debug */,
				AA92C6FA2716C456008BD343 /* Release */,
			);
			defaultConfigurationIsVisible = 0;
			defaultConfigurationName = Release;
		};
		AACAFF0726E10ED300511FF2 /* Build configuration list for PBXNativeTarget "Svija Sync Direct" */ = {
			isa = XCConfigurationList;
			buildConfigurations = (
				AACAFF0826E10ED300511FF2 /* Debug */,
				AACAFF0926E10ED300511FF2 /* Release */,
			);
			defaultConfigurationIsVisible = 0;
			defaultConfigurationName = Release;
		};
		D6F2084F25C94475005DAC78 /* Build configuration list for PBXProject "SvijaSync" */ = {
			isa = XCConfigurationList;
			buildConfigurations = (
				D6F2086225C9447A005DAC78 /* Debug */,
				D6F2086325C9447A005DAC78 /* Release */,
			);
			defaultConfigurationIsVisible = 0;
			defaultConfigurationName = Release;
		};
		D6F2086425C9447A005DAC78 /* Build configuration list for PBXNativeTarget "Svija Sync" */ = {
			isa = XCConfigurationList;
			buildConfigurations = (
				D6F2086525C9447A005DAC78 /* Debug */,
				D6F2086625C9447A005DAC78 /* Release */,
			);
			defaultConfigurationIsVisible = 0;
			defaultConfigurationName = Release;
		};
/* End XCConfigurationList section */

/* Begin XCRemoteSwiftPackageReference section */
		AA38682D2A306F3200C134B8 /* XCRemoteSwiftPackageReference "sync-rsync" */ = {
			isa = XCRemoteSwiftPackageReference;
			repositoryURL = "https://github.com/svijalove/sync-rsync";
			requirement = {
				branch = beta;
				kind = branch;
			};
		};
		CEDB2D102AE28151004B3711 /* XCRemoteSwiftPackageReference "SwiftyBeaver" */ = {
			isa = XCRemoteSwiftPackageReference;
			repositoryURL = "https://github.com/SwiftyBeaver/SwiftyBeaver.git";
			requirement = {
				kind = upToNextMajorVersion;
				minimumVersion = 2.0.0;
			};
		};
/* End XCRemoteSwiftPackageReference section */

/* Begin XCSwiftPackageProductDependency section */
		AA38682C2A306F3200C134B8 /* Rsync */ = {
			isa = XCSwiftPackageProductDependency;
			package = AA38682D2A306F3200C134B8 /* XCRemoteSwiftPackageReference "sync-rsync" */;
			productName = Rsync;
		};
		CEDB2D112AE28258004B3711 /* SwiftyBeaver */ = {
			isa = XCSwiftPackageProductDependency;
			package = CEDB2D102AE28151004B3711 /* XCRemoteSwiftPackageReference "SwiftyBeaver" */;
			productName = SwiftyBeaver;
		};
		CEDB2D212AE29086004B3711 /* SwiftyBeaver */ = {
			isa = XCSwiftPackageProductDependency;
			package = CEDB2D102AE28151004B3711 /* XCRemoteSwiftPackageReference "SwiftyBeaver" */;
			productName = SwiftyBeaver;
		};
/* End XCSwiftPackageProductDependency section */
	};
	rootObject = D6F2084C25C94475005DAC78 /* Project object */;
}
