// !$*UTF8*$!
{
	archiveVersion = 1;
	classes = {
	};
	objectVersion = 52;
	objects = {

/* Begin PBXBuildFile section */
		4B52D2D72660E3AF00441348 /* Rsync in Frameworks */ = {isa = PBXBuildFile; productRef = 4B52D2D62660E3AF00441348 /* Rsync */; };
		D60EFBA925D4EED7003931BB /* Localizable.strings in Resources */ = {isa = PBXBuildFile; fileRef = D60EFBAB25D4EED7003931BB /* Localizable.strings */; };
		D60EFBB225D4F042003931BB /* Strings+Generated.swift in Sources */ = {isa = PBXBuildFile; fileRef = D60EFBB125D4F042003931BB /* Strings+Generated.swift */; };
		D60EFBB925D4F1CB003931BB /* SiteConnectionExtensions.swift in Sources */ = {isa = PBXBuildFile; fileRef = D60EFBB825D4F1CB003931BB /* SiteConnectionExtensions.swift */; };
		D60EFBBC25D4FA69003931BB /* TimeIntervalExtensions.swift in Sources */ = {isa = PBXBuildFile; fileRef = D60EFBBB25D4FA69003931BB /* TimeIntervalExtensions.swift */; };
		D60EFBC325D54965003931BB /* SiteConnectionOperation.swift in Sources */ = {isa = PBXBuildFile; fileRef = D60EFBC225D54965003931BB /* SiteConnectionOperation.swift */; };
		D63A4C6725DBB8E400C3B9BF /* WebKit.framework in Frameworks */ = {isa = PBXBuildFile; fileRef = D63A4C6625DBB8E400C3B9BF /* WebKit.framework */; };
		D63A4C7325DC093600C3B9BF /* HomeSyncStatusHandler.swift in Sources */ = {isa = PBXBuildFile; fileRef = D63A4C7225DC093600C3B9BF /* HomeSyncStatusHandler.swift */; };
		D63FDA4525E1443F000929C0 /* HomeUploadHandler.swift in Sources */ = {isa = PBXBuildFile; fileRef = D63FDA4425E1443F000929C0 /* HomeUploadHandler.swift */; };
		D63FDA4825E1444E000929C0 /* HomeDownloadHandler.swift in Sources */ = {isa = PBXBuildFile; fileRef = D63FDA4725E1444E000929C0 /* HomeDownloadHandler.swift */; };
		D64A1C7E25D40E96009B8BB2 /* Constants.swift in Sources */ = {isa = PBXBuildFile; fileRef = D64A1C7D25D40E96009B8BB2 /* Constants.swift */; };
		D64A1C8125D40FF9009B8BB2 /* NSTextFieldExtension.swift in Sources */ = {isa = PBXBuildFile; fileRef = D64A1C8025D40FF9009B8BB2 /* NSTextFieldExtension.swift */; };
		D64A1C8425D41270009B8BB2 /* CodableExtension.swift in Sources */ = {isa = PBXBuildFile; fileRef = D64A1C8325D41270009B8BB2 /* CodableExtension.swift */; };
		D64FB0B225F1F3450026473F /* CharacterSetExtensions.swift in Sources */ = {isa = PBXBuildFile; fileRef = D64FB0B125F1F3450026473F /* CharacterSetExtensions.swift */; };
		D64FB0B525F1F3760026473F /* Validation.swift in Sources */ = {isa = PBXBuildFile; fileRef = D64FB0B425F1F3760026473F /* Validation.swift */; };
		D65FBD2B265D181300CC0610 /* AsyncOperation.swift in Sources */ = {isa = PBXBuildFile; fileRef = D65FBD2A265D181300CC0610 /* AsyncOperation.swift */; };
		D66C0CD825DA887500818063 /* NewsView.swift in Sources */ = {isa = PBXBuildFile; fileRef = D66C0CD725DA887500818063 /* NewsView.swift */; };
		D66C0CDB25DA891000818063 /* NewsViewModel.swift in Sources */ = {isa = PBXBuildFile; fileRef = D66C0CDA25DA891000818063 /* NewsViewModel.swift */; };
		D67B060425CE83520021C8C9 /* Utility.swift in Sources */ = {isa = PBXBuildFile; fileRef = D67B060325CE83520021C8C9 /* Utility.swift */; };
		D67DC75825D644E600FE3DDB /* NSViewExtensions.swift in Sources */ = {isa = PBXBuildFile; fileRef = D67DC75725D644E600FE3DDB /* NSViewExtensions.swift */; };
		D67DC75B25D6453C00FE3DDB /* NSViewControllerExtensions.swift in Sources */ = {isa = PBXBuildFile; fileRef = D67DC75A25D6453C00FE3DDB /* NSViewControllerExtensions.swift */; };
		D69C997825CED49300642A55 /* PreferenceViewModel.swift in Sources */ = {isa = PBXBuildFile; fileRef = D69C997725CED49300642A55 /* PreferenceViewModel.swift */; };
		D69C997B25CED7D900642A55 /* HomeViewModel.swift in Sources */ = {isa = PBXBuildFile; fileRef = D69C997A25CED7D900642A55 /* HomeViewModel.swift */; };
		D6A0F99325DDFDF800DBD5B0 /* ImageView.swift in Sources */ = {isa = PBXBuildFile; fileRef = D6A0F99225DDFDF800DBD5B0 /* ImageView.swift */; };
		D6A0F99725DEADDA00DBD5B0 /* DateExtensions.swift in Sources */ = {isa = PBXBuildFile; fileRef = D6A0F99625DEADDA00DBD5B0 /* DateExtensions.swift */; };
		D6AE0E15265A652D0038DFAE /* UploadStatus.swift in Sources */ = {isa = PBXBuildFile; fileRef = D6AE0E14265A652D0038DFAE /* UploadStatus.swift */; };
		D6B5EBE525E4B61900717561 /* Credits.html in Resources */ = {isa = PBXBuildFile; fileRef = D6B5EBE425E4B61900717561 /* Credits.html */; };
		D6DF3B6225CEBFFF00D24D9C /* PreferenceViewController.swift in Sources */ = {isa = PBXBuildFile; fileRef = D6DF3B6025CEBFFF00D24D9C /* PreferenceViewController.swift */; };
		D6DF3B6D25CECF2300D24D9C /* FormFieldView.swift in Sources */ = {isa = PBXBuildFile; fileRef = D6DF3B6C25CECF2300D24D9C /* FormFieldView.swift */; };
		D6DF3B7025CECF3400D24D9C /* ConnectionListView.swift in Sources */ = {isa = PBXBuildFile; fileRef = D6DF3B6F25CECF3400D24D9C /* ConnectionListView.swift */; };
		D6E3076325CE99D000806F0C /* FolderAccess.swift in Sources */ = {isa = PBXBuildFile; fileRef = D6E3076225CE99D000806F0C /* FolderAccess.swift */; };
		D6E641DC25DA9C1C00262B13 /* PreferenceHelpView.swift in Sources */ = {isa = PBXBuildFile; fileRef = D6E641DB25DA9C1C00262B13 /* PreferenceHelpView.swift */; };
		D6E641E525DA9FAB00262B13 /* FileManagerExtensions.swift in Sources */ = {isa = PBXBuildFile; fileRef = D6E641E425DA9FAB00262B13 /* FileManagerExtensions.swift */; };
		D6EBE34625CE45E500498A04 /* HomeViewController.swift in Sources */ = {isa = PBXBuildFile; fileRef = D6EBE34525CE45E500498A04 /* HomeViewController.swift */; };
		D6EBE34C25CE497000498A04 /* Storage.swift in Sources */ = {isa = PBXBuildFile; fileRef = D6EBE34B25CE497000498A04 /* Storage.swift */; };
		D6F2085825C94475005DAC78 /* AppDelegate.swift in Sources */ = {isa = PBXBuildFile; fileRef = D6F2085725C94475005DAC78 /* AppDelegate.swift */; };
		D6F2085C25C9447A005DAC78 /* Assets.xcassets in Resources */ = {isa = PBXBuildFile; fileRef = D6F2085B25C9447A005DAC78 /* Assets.xcassets */; };
		D6F2085F25C9447A005DAC78 /* Main.storyboard in Resources */ = {isa = PBXBuildFile; fileRef = D6F2085D25C9447A005DAC78 /* Main.storyboard */; };
/* End PBXBuildFile section */

/* Begin PBXFileReference section */
		4BF35272263AA6A500BFD9B8 /* Rsync-Dependency */ = {isa = PBXFileReference; lastKnownFileType = folder; name = "Rsync-Dependency"; path = "../Rsync-Dependency"; sourceTree = "<group>"; };
		D60EFBAA25D4EED7003931BB /* en */ = {isa = PBXFileReference; lastKnownFileType = text.plist.strings; name = en; path = en.lproj/Localizable.strings; sourceTree = "<group>"; };
		D60EFBAD25D4EF36003931BB /* fr */ = {isa = PBXFileReference; lastKnownFileType = text.plist.strings; name = fr; path = fr.lproj/Localizable.strings; sourceTree = "<group>"; };
		D60EFBB125D4F042003931BB /* Strings+Generated.swift */ = {isa = PBXFileReference; fileEncoding = 4; lastKnownFileType = sourcecode.swift; path = "Strings+Generated.swift"; sourceTree = "<group>"; };
		D60EFBB825D4F1CB003931BB /* SiteConnectionExtensions.swift */ = {isa = PBXFileReference; lastKnownFileType = sourcecode.swift; path = SiteConnectionExtensions.swift; sourceTree = "<group>"; };
		D60EFBBB25D4FA69003931BB /* TimeIntervalExtensions.swift */ = {isa = PBXFileReference; lastKnownFileType = sourcecode.swift; path = TimeIntervalExtensions.swift; sourceTree = "<group>"; };
		D60EFBC225D54965003931BB /* SiteConnectionOperation.swift */ = {isa = PBXFileReference; lastKnownFileType = sourcecode.swift; path = SiteConnectionOperation.swift; sourceTree = "<group>"; };
		D63A4C6625DBB8E400C3B9BF /* WebKit.framework */ = {isa = PBXFileReference; lastKnownFileType = wrapper.framework; name = WebKit.framework; path = System/Library/Frameworks/WebKit.framework; sourceTree = SDKROOT; };
		D63A4C7225DC093600C3B9BF /* HomeSyncStatusHandler.swift */ = {isa = PBXFileReference; lastKnownFileType = sourcecode.swift; path = HomeSyncStatusHandler.swift; sourceTree = "<group>"; };
		D63FDA4425E1443F000929C0 /* HomeUploadHandler.swift */ = {isa = PBXFileReference; lastKnownFileType = sourcecode.swift; path = HomeUploadHandler.swift; sourceTree = "<group>"; };
		D63FDA4725E1444E000929C0 /* HomeDownloadHandler.swift */ = {isa = PBXFileReference; lastKnownFileType = sourcecode.swift; path = HomeDownloadHandler.swift; sourceTree = "<group>"; };
		D64A1C7D25D40E96009B8BB2 /* Constants.swift */ = {isa = PBXFileReference; lastKnownFileType = sourcecode.swift; path = Constants.swift; sourceTree = "<group>"; };
		D64A1C8025D40FF9009B8BB2 /* NSTextFieldExtension.swift */ = {isa = PBXFileReference; lastKnownFileType = sourcecode.swift; path = NSTextFieldExtension.swift; sourceTree = "<group>"; };
		D64A1C8325D41270009B8BB2 /* CodableExtension.swift */ = {isa = PBXFileReference; lastKnownFileType = sourcecode.swift; path = CodableExtension.swift; sourceTree = "<group>"; };
		D64FB0B125F1F3450026473F /* CharacterSetExtensions.swift */ = {isa = PBXFileReference; lastKnownFileType = sourcecode.swift; path = CharacterSetExtensions.swift; sourceTree = "<group>"; };
		D64FB0B425F1F3760026473F /* Validation.swift */ = {isa = PBXFileReference; lastKnownFileType = sourcecode.swift; path = Validation.swift; sourceTree = "<group>"; };
		D65FBD2A265D181300CC0610 /* AsyncOperation.swift */ = {isa = PBXFileReference; lastKnownFileType = sourcecode.swift; path = AsyncOperation.swift; sourceTree = "<group>"; };
		D66C0CD725DA887500818063 /* NewsView.swift */ = {isa = PBXFileReference; lastKnownFileType = sourcecode.swift; path = NewsView.swift; sourceTree = "<group>"; };
		D66C0CDA25DA891000818063 /* NewsViewModel.swift */ = {isa = PBXFileReference; lastKnownFileType = sourcecode.swift; path = NewsViewModel.swift; sourceTree = "<group>"; };
		D67B060325CE83520021C8C9 /* Utility.swift */ = {isa = PBXFileReference; lastKnownFileType = sourcecode.swift; path = Utility.swift; sourceTree = "<group>"; };
		D67DC75725D644E600FE3DDB /* NSViewExtensions.swift */ = {isa = PBXFileReference; lastKnownFileType = sourcecode.swift; path = NSViewExtensions.swift; sourceTree = "<group>"; };
		D67DC75A25D6453C00FE3DDB /* NSViewControllerExtensions.swift */ = {isa = PBXFileReference; lastKnownFileType = sourcecode.swift; path = NSViewControllerExtensions.swift; sourceTree = "<group>"; };
		D69C997725CED49300642A55 /* PreferenceViewModel.swift */ = {isa = PBXFileReference; lastKnownFileType = sourcecode.swift; path = PreferenceViewModel.swift; sourceTree = "<group>"; };
		D69C997A25CED7D900642A55 /* HomeViewModel.swift */ = {isa = PBXFileReference; lastKnownFileType = sourcecode.swift; path = HomeViewModel.swift; sourceTree = "<group>"; };
		D6A0F99225DDFDF800DBD5B0 /* ImageView.swift */ = {isa = PBXFileReference; lastKnownFileType = sourcecode.swift; path = ImageView.swift; sourceTree = "<group>"; };
		D6A0F99625DEADDA00DBD5B0 /* DateExtensions.swift */ = {isa = PBXFileReference; lastKnownFileType = sourcecode.swift; path = DateExtensions.swift; sourceTree = "<group>"; };
		D6AE0E14265A652D0038DFAE /* UploadStatus.swift */ = {isa = PBXFileReference; lastKnownFileType = sourcecode.swift; path = UploadStatus.swift; sourceTree = "<group>"; };
		D6B5EBE425E4B61900717561 /* Credits.html */ = {isa = PBXFileReference; fileEncoding = 4; lastKnownFileType = text.html; path = Credits.html; sourceTree = "<group>"; };
		D6DF3B6025CEBFFF00D24D9C /* PreferenceViewController.swift */ = {isa = PBXFileReference; lastKnownFileType = sourcecode.swift; path = PreferenceViewController.swift; sourceTree = "<group>"; };
		D6DF3B6C25CECF2300D24D9C /* FormFieldView.swift */ = {isa = PBXFileReference; lastKnownFileType = sourcecode.swift; path = FormFieldView.swift; sourceTree = "<group>"; };
		D6DF3B6F25CECF3400D24D9C /* ConnectionListView.swift */ = {isa = PBXFileReference; lastKnownFileType = sourcecode.swift; path = ConnectionListView.swift; sourceTree = "<group>"; };
		D6E3076225CE99D000806F0C /* FolderAccess.swift */ = {isa = PBXFileReference; lastKnownFileType = sourcecode.swift; path = FolderAccess.swift; sourceTree = "<group>"; };
		D6E641DB25DA9C1C00262B13 /* PreferenceHelpView.swift */ = {isa = PBXFileReference; lastKnownFileType = sourcecode.swift; path = PreferenceHelpView.swift; sourceTree = "<group>"; };
		D6E641E425DA9FAB00262B13 /* FileManagerExtensions.swift */ = {isa = PBXFileReference; lastKnownFileType = sourcecode.swift; path = FileManagerExtensions.swift; sourceTree = "<group>"; };
		D6EBE34525CE45E500498A04 /* HomeViewController.swift */ = {isa = PBXFileReference; lastKnownFileType = sourcecode.swift; path = HomeViewController.swift; sourceTree = "<group>"; };
		D6EBE34B25CE497000498A04 /* Storage.swift */ = {isa = PBXFileReference; lastKnownFileType = sourcecode.swift; path = Storage.swift; sourceTree = "<group>"; };
		D6F2085425C94475005DAC78 /* Svija Sync.app */ = {isa = PBXFileReference; explicitFileType = wrapper.application; includeInIndex = 0; path = "Svija Sync.app"; sourceTree = BUILT_PRODUCTS_DIR; };
		D6F2085725C94475005DAC78 /* AppDelegate.swift */ = {isa = PBXFileReference; lastKnownFileType = sourcecode.swift; path = AppDelegate.swift; sourceTree = "<group>"; };
		D6F2085B25C9447A005DAC78 /* Assets.xcassets */ = {isa = PBXFileReference; lastKnownFileType = folder.assetcatalog; path = Assets.xcassets; sourceTree = "<group>"; };
		D6F2085E25C9447A005DAC78 /* Base */ = {isa = PBXFileReference; lastKnownFileType = file.storyboard; name = Base; path = Base.lproj/Main.storyboard; sourceTree = "<group>"; };
		D6F2086025C9447A005DAC78 /* Info.plist */ = {isa = PBXFileReference; lastKnownFileType = text.plist.xml; path = Info.plist; sourceTree = "<group>"; };
		D6F2086125C9447A005DAC78 /* SvijaSync.entitlements */ = {isa = PBXFileReference; lastKnownFileType = text.plist.entitlements; path = SvijaSync.entitlements; sourceTree = "<group>"; };
/* End PBXFileReference section */

/* Begin PBXFrameworksBuildPhase section */
		D6F2085125C94475005DAC78 /* Frameworks */ = {
			isa = PBXFrameworksBuildPhase;
			buildActionMask = 2147483647;
			files = (
				4B52D2D72660E3AF00441348 /* Rsync in Frameworks */,
				D63A4C6725DBB8E400C3B9BF /* WebKit.framework in Frameworks */,
			);
			runOnlyForDeploymentPostprocessing = 0;
		};
/* End PBXFrameworksBuildPhase section */

/* Begin PBXGroup section */
		D60EFBA125D4EE80003931BB /* Strings */ = {
			isa = PBXGroup;
			children = (
				D60EFBB125D4F042003931BB /* Strings+Generated.swift */,
				D60EFBAB25D4EED7003931BB /* Localizable.strings */,
			);
			path = Strings;
			sourceTree = "<group>";
		};
		D60EFBB425D4F13F003931BB /* ViewModel */ = {
			isa = PBXGroup;
			children = (
				D69C997725CED49300642A55 /* PreferenceViewModel.swift */,
			);
			path = ViewModel;
			sourceTree = "<group>";
		};
		D60EFBB625D4F146003931BB /* ViewModel */ = {
			isa = PBXGroup;
			children = (
				D69C997A25CED7D900642A55 /* HomeViewModel.swift */,
			);
			path = ViewModel;
			sourceTree = "<group>";
		};
		D6148CCE25D6EAE3003F99CC /* Extensions */ = {
			isa = PBXGroup;
			children = (
				D64A1C8025D40FF9009B8BB2 /* NSTextFieldExtension.swift */,
				D64A1C8325D41270009B8BB2 /* CodableExtension.swift */,
				D60EFBB825D4F1CB003931BB /* SiteConnectionExtensions.swift */,
				D60EFBBB25D4FA69003931BB /* TimeIntervalExtensions.swift */,
				D67DC75725D644E600FE3DDB /* NSViewExtensions.swift */,
				D67DC75A25D6453C00FE3DDB /* NSViewControllerExtensions.swift */,
				D6E641E425DA9FAB00262B13 /* FileManagerExtensions.swift */,
				D6A0F99625DEADDA00DBD5B0 /* DateExtensions.swift */,
				D64FB0B125F1F3450026473F /* CharacterSetExtensions.swift */,
			);
			path = Extensions;
			sourceTree = "<group>";
		};
		D63FDA4B25E14D92000929C0 /* Helper */ = {
			isa = PBXGroup;
			children = (
				D63FDA4425E1443F000929C0 /* HomeUploadHandler.swift */,
				D63FDA4725E1444E000929C0 /* HomeDownloadHandler.swift */,
				D63A4C7225DC093600C3B9BF /* HomeSyncStatusHandler.swift */,
				D6AE0E14265A652D0038DFAE /* UploadStatus.swift */,
			);
			path = Helper;
			sourceTree = "<group>";
		};
		D66B288F25D694B500A2ACF8 /* Frameworks */ = {
			isa = PBXGroup;
			children = (
				4BF35272263AA6A500BFD9B8 /* Rsync-Dependency */,
				D63A4C6625DBB8E400C3B9BF /* WebKit.framework */,
			);
			name = Frameworks;
			sourceTree = "<group>";
		};
		D6DF3B6625CECEE100D24D9C /* Preference */ = {
			isa = PBXGroup;
			children = (
				D6DF3B6025CEBFFF00D24D9C /* PreferenceViewController.swift */,
				D6E641DE25DA9F5500262B13 /* CustomViews */,
				D60EFBB425D4F13F003931BB /* ViewModel */,
			);
			path = Preference;
			sourceTree = "<group>";
		};
		D6DF3B6A25CECF0300D24D9C /* Home */ = {
			isa = PBXGroup;
			children = (
				D6EBE34525CE45E500498A04 /* HomeViewController.swift */,
				D63FDA4B25E14D92000929C0 /* Helper */,
				D60EFBB625D4F146003931BB /* ViewModel */,
				D6E641E225DA9F8500262B13 /* NewsView */,
			);
			path = Home;
			sourceTree = "<group>";
		};
		D6E641DE25DA9F5500262B13 /* CustomViews */ = {
			isa = PBXGroup;
			children = (
				D6E641DB25DA9C1C00262B13 /* PreferenceHelpView.swift */,
				D6DF3B6F25CECF3400D24D9C /* ConnectionListView.swift */,
				D6DF3B6C25CECF2300D24D9C /* FormFieldView.swift */,
			);
			path = CustomViews;
			sourceTree = "<group>";
		};
		D6E641E225DA9F8500262B13 /* NewsView */ = {
			isa = PBXGroup;
			children = (
				D66C0CD725DA887500818063 /* NewsView.swift */,
				D66C0CDA25DA891000818063 /* NewsViewModel.swift */,
			);
			path = NewsView;
			sourceTree = "<group>";
		};
		D6EBE34E25CE497600498A04 /* Utility */ = {
			isa = PBXGroup;
			children = (
				D6148CCE25D6EAE3003F99CC /* Extensions */,
				D64A1C7D25D40E96009B8BB2 /* Constants.swift */,
				D6A0F99225DDFDF800DBD5B0 /* ImageView.swift */,
				D67B060325CE83520021C8C9 /* Utility.swift */,
				D65FBD2A265D181300CC0610 /* AsyncOperation.swift */,
				D6EBE34B25CE497000498A04 /* Storage.swift */,
				D6E3076225CE99D000806F0C /* FolderAccess.swift */,
				D60EFBC225D54965003931BB /* SiteConnectionOperation.swift */,
				D64FB0B425F1F3760026473F /* Validation.swift */,
			);
			path = Utility;
			sourceTree = "<group>";
		};
		D6F2084B25C94475005DAC78 = {
			isa = PBXGroup;
			children = (
				D6F2085625C94475005DAC78 /* SvijaSync */,
				D6F2085525C94475005DAC78 /* Products */,
				D66B288F25D694B500A2ACF8 /* Frameworks */,
			);
			sourceTree = "<group>";
		};
		D6F2085525C94475005DAC78 /* Products */ = {
			isa = PBXGroup;
			children = (
				D6F2085425C94475005DAC78 /* Svija Sync.app */,
			);
			name = Products;
			sourceTree = "<group>";
		};
		D6F2085625C94475005DAC78 /* SvijaSync */ = {
			isa = PBXGroup;
			children = (
				D6F2085725C94475005DAC78 /* AppDelegate.swift */,
				D6DF3B6A25CECF0300D24D9C /* Home */,
				D6DF3B6625CECEE100D24D9C /* Preference */,
				D6EBE34E25CE497600498A04 /* Utility */,
				D6F2085B25C9447A005DAC78 /* Assets.xcassets */,
				D6F2085D25C9447A005DAC78 /* Main.storyboard */,
				D60EFBA125D4EE80003931BB /* Strings */,
				D6F2086025C9447A005DAC78 /* Info.plist */,
				D6B5EBE425E4B61900717561 /* Credits.html */,
				D6F2086125C9447A005DAC78 /* SvijaSync.entitlements */,
			);
			path = SvijaSync;
			sourceTree = "<group>";
		};
/* End PBXGroup section */

/* Begin PBXNativeTarget section */
		D6F2085325C94475005DAC78 /* Svija Sync */ = {
			isa = PBXNativeTarget;
			buildConfigurationList = D6F2086425C9447A005DAC78 /* Build configuration list for PBXNativeTarget "Svija Sync" */;
			buildPhases = (
				D6F2085025C94475005DAC78 /* Sources */,
				D6F2085125C94475005DAC78 /* Frameworks */,
				D6F2085225C94475005DAC78 /* Resources */,
				D60EFBAF25D4EFFA003931BB /* ShellScript */,
			);
			buildRules = (
			);
			dependencies = (
			);
			name = "Svija Sync";
			packageProductDependencies = (
				4B52D2D62660E3AF00441348 /* Rsync */,
			);
			productName = SvijaSync;
			productReference = D6F2085425C94475005DAC78 /* Svija Sync.app */;
			productType = "com.apple.product-type.application";
		};
/* End PBXNativeTarget section */

/* Begin PBXProject section */
		D6F2084C25C94475005DAC78 /* Project object */ = {
			isa = PBXProject;
			attributes = {
				LastSwiftUpdateCheck = 1230;
				LastUpgradeCheck = 1230;
				TargetAttributes = {
					D6F2085325C94475005DAC78 = {
						CreatedOnToolsVersion = 12.3;
					};
				};
			};
			buildConfigurationList = D6F2084F25C94475005DAC78 /* Build configuration list for PBXProject "SvijaSync" */;
			compatibilityVersion = "Xcode 9.3";
			developmentRegion = en;
			hasScannedForEncodings = 0;
			knownRegions = (
				en,
				Base,
				fr,
			);
			mainGroup = D6F2084B25C94475005DAC78;
			packageReferences = (
				4B52D2D52660E3AF00441348 /* XCRemoteSwiftPackageReference "Rsync-Utility" */,
			);
			productRefGroup = D6F2085525C94475005DAC78 /* Products */;
			projectDirPath = "";
			projectRoot = "";
			targets = (
				D6F2085325C94475005DAC78 /* Svija Sync */,
			);
		};
/* End PBXProject section */

/* Begin PBXResourcesBuildPhase section */
		D6F2085225C94475005DAC78 /* Resources */ = {
			isa = PBXResourcesBuildPhase;
			buildActionMask = 2147483647;
			files = (
				D6F2085C25C9447A005DAC78 /* Assets.xcassets in Resources */,
				D6B5EBE525E4B61900717561 /* Credits.html in Resources */,
				D60EFBA925D4EED7003931BB /* Localizable.strings in Resources */,
				D6F2085F25C9447A005DAC78 /* Main.storyboard in Resources */,
			);
			runOnlyForDeploymentPostprocessing = 0;
		};
/* End PBXResourcesBuildPhase section */

/* Begin PBXShellScriptBuildPhase section */
		D60EFBAF25D4EFFA003931BB /* ShellScript */ = {
			isa = PBXShellScriptBuildPhase;
			buildActionMask = 2147483647;
			files = (
			);
			inputFileListPaths = (
			);
			inputPaths = (
			);
			outputFileListPaths = (
			);
			outputPaths = (
			);
			runOnlyForDeploymentPostprocessing = 0;
			shellPath = /bin/sh;
			shellScript = "# Type a script or drag a script file from your workspace to insert its path.\n\"${PROJECT_DIR}/swiftgen/bin/swiftgen\"\n";
		};
/* End PBXShellScriptBuildPhase section */

/* Begin PBXSourcesBuildPhase section */
		D6F2085025C94475005DAC78 /* Sources */ = {
			isa = PBXSourcesBuildPhase;
			buildActionMask = 2147483647;
			files = (
				D6A0F99325DDFDF800DBD5B0 /* ImageView.swift in Sources */,
				D65FBD2B265D181300CC0610 /* AsyncOperation.swift in Sources */,
				D6E641E525DA9FAB00262B13 /* FileManagerExtensions.swift in Sources */,
				D6DF3B6225CEBFFF00D24D9C /* PreferenceViewController.swift in Sources */,
				D67B060425CE83520021C8C9 /* Utility.swift in Sources */,
				D60EFBB925D4F1CB003931BB /* SiteConnectionExtensions.swift in Sources */,
				D6DF3B7025CECF3400D24D9C /* ConnectionListView.swift in Sources */,
				D66C0CDB25DA891000818063 /* NewsViewModel.swift in Sources */,
				D63A4C7325DC093600C3B9BF /* HomeSyncStatusHandler.swift in Sources */,
				D6DF3B6D25CECF2300D24D9C /* FormFieldView.swift in Sources */,
				D6E3076325CE99D000806F0C /* FolderAccess.swift in Sources */,
				D6F2085825C94475005DAC78 /* AppDelegate.swift in Sources */,
				D64A1C8125D40FF9009B8BB2 /* NSTextFieldExtension.swift in Sources */,
				D64A1C8425D41270009B8BB2 /* CodableExtension.swift in Sources */,
				D6EBE34625CE45E500498A04 /* HomeViewController.swift in Sources */,
				D64FB0B225F1F3450026473F /* CharacterSetExtensions.swift in Sources */,
				D64FB0B525F1F3760026473F /* Validation.swift in Sources */,
				D69C997B25CED7D900642A55 /* HomeViewModel.swift in Sources */,
				D60EFBB225D4F042003931BB /* Strings+Generated.swift in Sources */,
				D67DC75B25D6453C00FE3DDB /* NSViewControllerExtensions.swift in Sources */,
				D66C0CD825DA887500818063 /* NewsView.swift in Sources */,
				D6EBE34C25CE497000498A04 /* Storage.swift in Sources */,
				D67DC75825D644E600FE3DDB /* NSViewExtensions.swift in Sources */,
				D6AE0E15265A652D0038DFAE /* UploadStatus.swift in Sources */,
				D60EFBC325D54965003931BB /* SiteConnectionOperation.swift in Sources */,
				D64A1C7E25D40E96009B8BB2 /* Constants.swift in Sources */,
				D69C997825CED49300642A55 /* PreferenceViewModel.swift in Sources */,
				D6E641DC25DA9C1C00262B13 /* PreferenceHelpView.swift in Sources */,
				D63FDA4525E1443F000929C0 /* HomeUploadHandler.swift in Sources */,
				D60EFBBC25D4FA69003931BB /* TimeIntervalExtensions.swift in Sources */,
				D6A0F99725DEADDA00DBD5B0 /* DateExtensions.swift in Sources */,
				D63FDA4825E1444E000929C0 /* HomeDownloadHandler.swift in Sources */,
			);
			runOnlyForDeploymentPostprocessing = 0;
		};
/* End PBXSourcesBuildPhase section */

/* Begin PBXVariantGroup section */
		D60EFBAB25D4EED7003931BB /* Localizable.strings */ = {
			isa = PBXVariantGroup;
			children = (
				D60EFBAA25D4EED7003931BB /* en */,
				D60EFBAD25D4EF36003931BB /* fr */,
			);
			name = Localizable.strings;
			sourceTree = "<group>";
		};
		D6F2085D25C9447A005DAC78 /* Main.storyboard */ = {
			isa = PBXVariantGroup;
			children = (
				D6F2085E25C9447A005DAC78 /* Base */,
			);
			name = Main.storyboard;
			sourceTree = "<group>";
		};
/* End PBXVariantGroup section */

/* Begin XCBuildConfiguration section */
		D6F2086225C9447A005DAC78 /* Debug */ = {
			isa = XCBuildConfiguration;
			buildSettings = {
				ALWAYS_SEARCH_USER_PATHS = NO;
				CLANG_ANALYZER_LOCALIZABILITY_NONLOCALIZED = YES;
				CLANG_ANALYZER_NONNULL = YES;
				CLANG_ANALYZER_NUMBER_OBJECT_CONVERSION = YES_AGGRESSIVE;
				CLANG_CXX_LANGUAGE_STANDARD = "gnu++14";
				CLANG_CXX_LIBRARY = "libc++";
				CLANG_ENABLE_MODULES = YES;
				CLANG_ENABLE_OBJC_ARC = YES;
				CLANG_ENABLE_OBJC_WEAK = YES;
				CLANG_WARN_BLOCK_CAPTURE_AUTORELEASING = YES;
				CLANG_WARN_BOOL_CONVERSION = YES;
				CLANG_WARN_COMMA = YES;
				CLANG_WARN_CONSTANT_CONVERSION = YES;
				CLANG_WARN_DEPRECATED_OBJC_IMPLEMENTATIONS = YES;
				CLANG_WARN_DIRECT_OBJC_ISA_USAGE = YES_ERROR;
				CLANG_WARN_DOCUMENTATION_COMMENTS = YES;
				CLANG_WARN_EMPTY_BODY = YES;
				CLANG_WARN_ENUM_CONVERSION = YES;
				CLANG_WARN_INFINITE_RECURSION = YES;
				CLANG_WARN_INT_CONVERSION = YES;
				CLANG_WARN_NON_LITERAL_NULL_CONVERSION = YES;
				CLANG_WARN_OBJC_IMPLICIT_RETAIN_SELF = YES;
				CLANG_WARN_OBJC_LITERAL_CONVERSION = YES;
				CLANG_WARN_OBJC_ROOT_CLASS = YES_ERROR;
				CLANG_WARN_QUOTED_INCLUDE_IN_FRAMEWORK_HEADER = YES;
				CLANG_WARN_RANGE_LOOP_ANALYSIS = YES;
				CLANG_WARN_STRICT_PROTOTYPES = YES;
				CLANG_WARN_SUSPICIOUS_MOVE = YES;
				CLANG_WARN_UNGUARDED_AVAILABILITY = YES_AGGRESSIVE;
				CLANG_WARN_UNREACHABLE_CODE = YES;
				CLANG_WARN__DUPLICATE_METHOD_MATCH = YES;
				COPY_PHASE_STRIP = NO;
				DEBUG_INFORMATION_FORMAT = dwarf;
				ENABLE_STRICT_OBJC_MSGSEND = YES;
				ENABLE_TESTABILITY = YES;
				GCC_C_LANGUAGE_STANDARD = gnu11;
				GCC_DYNAMIC_NO_PIC = NO;
				GCC_NO_COMMON_BLOCKS = YES;
				GCC_OPTIMIZATION_LEVEL = 0;
				GCC_PREPROCESSOR_DEFINITIONS = (
					"DEBUG=1",
					"$(inherited)",
				);
				GCC_WARN_64_TO_32_BIT_CONVERSION = YES;
				GCC_WARN_ABOUT_RETURN_TYPE = YES_ERROR;
				GCC_WARN_UNDECLARED_SELECTOR = YES;
				GCC_WARN_UNINITIALIZED_AUTOS = YES_AGGRESSIVE;
				GCC_WARN_UNUSED_FUNCTION = YES;
				GCC_WARN_UNUSED_VARIABLE = YES;
				MACOSX_DEPLOYMENT_TARGET = 10.14;
				MTL_ENABLE_DEBUG_INFO = INCLUDE_SOURCE;
				MTL_FAST_MATH = YES;
				ONLY_ACTIVE_ARCH = YES;
				SDKROOT = macosx;
				SWIFT_ACTIVE_COMPILATION_CONDITIONS = DEBUG;
				SWIFT_OPTIMIZATION_LEVEL = "-Onone";
			};
			name = Debug;
		};
		D6F2086325C9447A005DAC78 /* Release */ = {
			isa = XCBuildConfiguration;
			buildSettings = {
				ALWAYS_SEARCH_USER_PATHS = NO;
				CLANG_ANALYZER_LOCALIZABILITY_NONLOCALIZED = YES;
				CLANG_ANALYZER_NONNULL = YES;
				CLANG_ANALYZER_NUMBER_OBJECT_CONVERSION = YES_AGGRESSIVE;
				CLANG_CXX_LANGUAGE_STANDARD = "gnu++14";
				CLANG_CXX_LIBRARY = "libc++";
				CLANG_ENABLE_MODULES = YES;
				CLANG_ENABLE_OBJC_ARC = YES;
				CLANG_ENABLE_OBJC_WEAK = YES;
				CLANG_WARN_BLOCK_CAPTURE_AUTORELEASING = YES;
				CLANG_WARN_BOOL_CONVERSION = YES;
				CLANG_WARN_COMMA = YES;
				CLANG_WARN_CONSTANT_CONVERSION = YES;
				CLANG_WARN_DEPRECATED_OBJC_IMPLEMENTATIONS = YES;
				CLANG_WARN_DIRECT_OBJC_ISA_USAGE = YES_ERROR;
				CLANG_WARN_DOCUMENTATION_COMMENTS = YES;
				CLANG_WARN_EMPTY_BODY = YES;
				CLANG_WARN_ENUM_CONVERSION = YES;
				CLANG_WARN_INFINITE_RECURSION = YES;
				CLANG_WARN_INT_CONVERSION = YES;
				CLANG_WARN_NON_LITERAL_NULL_CONVERSION = YES;
				CLANG_WARN_OBJC_IMPLICIT_RETAIN_SELF = YES;
				CLANG_WARN_OBJC_LITERAL_CONVERSION = YES;
				CLANG_WARN_OBJC_ROOT_CLASS = YES_ERROR;
				CLANG_WARN_QUOTED_INCLUDE_IN_FRAMEWORK_HEADER = YES;
				CLANG_WARN_RANGE_LOOP_ANALYSIS = YES;
				CLANG_WARN_STRICT_PROTOTYPES = YES;
				CLANG_WARN_SUSPICIOUS_MOVE = YES;
				CLANG_WARN_UNGUARDED_AVAILABILITY = YES_AGGRESSIVE;
				CLANG_WARN_UNREACHABLE_CODE = YES;
				CLANG_WARN__DUPLICATE_METHOD_MATCH = YES;
				COPY_PHASE_STRIP = NO;
				DEBUG_INFORMATION_FORMAT = "dwarf-with-dsym";
				ENABLE_NS_ASSERTIONS = NO;
				ENABLE_STRICT_OBJC_MSGSEND = YES;
				GCC_C_LANGUAGE_STANDARD = gnu11;
				GCC_NO_COMMON_BLOCKS = YES;
				GCC_WARN_64_TO_32_BIT_CONVERSION = YES;
				GCC_WARN_ABOUT_RETURN_TYPE = YES_ERROR;
				GCC_WARN_UNDECLARED_SELECTOR = YES;
				GCC_WARN_UNINITIALIZED_AUTOS = YES_AGGRESSIVE;
				GCC_WARN_UNUSED_FUNCTION = YES;
				GCC_WARN_UNUSED_VARIABLE = YES;
				MACOSX_DEPLOYMENT_TARGET = 10.14;
				MTL_ENABLE_DEBUG_INFO = NO;
				MTL_FAST_MATH = YES;
				SDKROOT = macosx;
				SWIFT_COMPILATION_MODE = wholemodule;
				SWIFT_OPTIMIZATION_LEVEL = "-O";
			};
			name = Release;
		};
		D6F2086525C9447A005DAC78 /* Debug */ = {
			isa = XCBuildConfiguration;
			buildSettings = {
				ASSETCATALOG_COMPILER_APPICON_NAME = AppIcon;
				ASSETCATALOG_COMPILER_GLOBAL_ACCENT_COLOR_NAME = AccentColor;
				CODE_SIGN_ENTITLEMENTS = SvijaSync/SvijaSync.entitlements;
				CODE_SIGN_IDENTITY = "-";
				CODE_SIGN_STYLE = Automatic;
				COMBINE_HIDPI_IMAGES = YES;
				CURRENT_PROJECT_VERSION = 12;
				DEVELOPMENT_TEAM = 7EMVL27772;
				ENABLE_HARDENED_RUNTIME = YES;
				INFOPLIST_FILE = SvijaSync/Info.plist;
				LD_RUNPATH_SEARCH_PATHS = (
					"$(inherited)",
					"@executable_path/../Frameworks",
				);
				MARKETING_VERSION = 1.0.2;
				PRODUCT_BUNDLE_IDENTIFIER = love.svija.svijasync;
				PRODUCT_NAME = "$(TARGET_NAME)";
				PROVISIONING_PROFILE_SPECIFIER = "";
				SWIFT_VERSION = 5.0;
			};
			name = Debug;
		};
		D6F2086625C9447A005DAC78 /* Release */ = {
			isa = XCBuildConfiguration;
			buildSettings = {
				ASSETCATALOG_COMPILER_APPICON_NAME = AppIcon;
				ASSETCATALOG_COMPILER_GLOBAL_ACCENT_COLOR_NAME = AccentColor;
				CODE_SIGN_ENTITLEMENTS = SvijaSync/SvijaSync.entitlements;
				CODE_SIGN_IDENTITY = "-";
				CODE_SIGN_STYLE = Automatic;
				COMBINE_HIDPI_IMAGES = YES;
				CURRENT_PROJECT_VERSION = 12;
				DEVELOPMENT_TEAM = Z66QVF9XBZ;
				ENABLE_HARDENED_RUNTIME = YES;
				INFOPLIST_FILE = SvijaSync/Info.plist;
				LD_RUNPATH_SEARCH_PATHS = (
					"$(inherited)",
					"@executable_path/../Frameworks",
				);
				MARKETING_VERSION = 1.0.2;
				PRODUCT_BUNDLE_IDENTIFIER = love.svija.svijasync;
				PRODUCT_NAME = "$(TARGET_NAME)";
				PROVISIONING_PROFILE_SPECIFIER = "";
				SWIFT_VERSION = 5.0;
			};
			name = Release;
		};
/* End XCBuildConfiguration section */

/* Begin XCConfigurationList section */
		D6F2084F25C94475005DAC78 /* Build configuration list for PBXProject "SvijaSync" */ = {
			isa = XCConfigurationList;
			buildConfigurations = (
				D6F2086225C9447A005DAC78 /* Debug */,
				D6F2086325C9447A005DAC78 /* Release */,
			);
			defaultConfigurationIsVisible = 0;
			defaultConfigurationName = Release;
		};
		D6F2086425C9447A005DAC78 /* Build configuration list for PBXNativeTarget "Svija Sync" */ = {
			isa = XCConfigurationList;
			buildConfigurations = (
				D6F2086525C9447A005DAC78 /* Debug */,
				D6F2086625C9447A005DAC78 /* Release */,
			);
			defaultConfigurationIsVisible = 0;
			defaultConfigurationName = Release;
		};
/* End XCConfigurationList section */

/* Begin XCRemoteSwiftPackageReference section */
		4B52D2D52660E3AF00441348 /* XCRemoteSwiftPackageReference "Rsync-Utility" */ = {
			isa = XCRemoteSwiftPackageReference;
			repositoryURL = "https://github.com/svijasvg/Rsync-Utility.git";
			requirement = {
				kind = exactVersion;
				version = 1.0.6;
			};
		};
/* End XCRemoteSwiftPackageReference section */

/* Begin XCSwiftPackageProductDependency section */
		4B52D2D62660E3AF00441348 /* Rsync */ = {
			isa = XCSwiftPackageProductDependency;
			package = 4B52D2D52660E3AF00441348 /* XCRemoteSwiftPackageReference "Rsync-Utility" */;
			productName = Rsync;
		};
/* End XCSwiftPackageProductDependency section */
	};
	rootObject = D6F2084C25C94475005DAC78 /* Project object */;
}
