{
  "pins" : [
    {
      "identity" : "sync-rsync",
      "kind" : "remoteSourceControl",
      "location" : "https://github.com/svijalove/sync-rsync.git",
      "state" : {
        "branch" : "sonoma",
        "revision" : "1909e1e7ada077b29c8e522526429c25d38db3a4"
      }
    }
  ],
  "version" : 2
}
