{
  "pins" : [
    {
      "identity" : "sync-rsync",
      "kind" : "remoteSourceControl",
      "location" : "https://github.com/svijalove/sync-rsync.git",
      "state" : {
        "branch" : "sonoma",
        "revision" : "5868a57757ee3603b91fcb80474b20ca9ae22119"
      }
    }
  ],
  "version" : 2
}
