{
  "object": {
    "pins": [
      {
        "package": "Rsync",
        "repositoryURL": "https://github.com/svijalove/sync-rsync",
        "state": {
          "branch": "beta",
          "revision": "c2b8543fe7dda6a6680b756ef332e1342cc83ac6",
          "version": null
        }
      }
    ]
  },
  "version": 1
}
