{
  "pins" : [
    {
      "identity" : "sync-rsync",
      "kind" : "remoteSourceControl",
      "location" : "https://github.com/svijalove/sync-rsync.git",
      "state" : {
        "branch" : "sonoma",
        "revision" : "c20a7acf1e36e85b8a38b072c17ad093f594bfb8"
      }
    }
  ],
  "version" : 2
}
