{
  "object": {
    "pins": [
      {
        "package": "Rsync",
        "repositoryURL": "https://github.com/svijasvg/rsync-macos-utility.git",
        "state": {
          "branch": null,
          "revision": "fbfa5af23801c04a3c8b3006598538ad16346d4e",
          "version": "1.0.5"
        }
      }
    ]
  },
  "version": 1
}
