{
  "object": {
    "pins": [
      {
        "package": "Rsync",
        "repositoryURL": "https://github.com/svijasvg/Rsync-Dependency.git",
        "state": {
          "branch": "master",
          "revision": "66819110d594fa3d9f30c659a56aafd159deead2",
          "version": null
        }
      }
    ]
  },
  "version": 1
}
