{
  "object": {
    "pins": [
      {
        "package": "Rsync",
        "repositoryURL": "https://github.com/rajeshbeats/rsync-macos-utility",
        "state": {
          "branch": null,
          "revision": "ad055b9f43d46dabc3c684dc843d49d41f6946e4",
          "version": "1.0.5"
        }
      }
    ]
  },
  "version": 1
}
